// !$*UTF8*$!
{
	archiveVersion = 1;
	classes = {
	};
	objectVersion = 47;
	objects = {

/* Begin PBXBuildFile section */
		5103D2A21B55960B00B9593C /* HologramLogin.m in Sources */ = {isa = PBXBuildFile; fileRef = 5103D2A11B55960B00B9593C /* HologramLogin.m */; };
		510F6DF91BA74C1800D2AF48 /* AlertViewController.m in Sources */ = {isa = PBXBuildFile; fileRef = 510F6DF81BA74C1800D2AF48 /* AlertViewController.m */; };
		511605F51B3EBE5D0071A183 /* NetworkUtility.m in Sources */ = {isa = PBXBuildFile; fileRef = 511605F41B3EBE5D0071A183 /* NetworkUtility.m */; };
		511669F61CF3A8D100E561DF /* GoogleService-Info.plist in Resources */ = {isa = PBXBuildFile; fileRef = 511669F51CF3A8D100E561DF /* GoogleService-Info.plist */; };
		511949341B3FFF8F00314436 /* ConnectionGovernor.m in Sources */ = {isa = PBXBuildFile; fileRef = 511949331B3FFF8F00314436 /* ConnectionGovernor.m */; };
		51197AFA1B132D6F006A7AEE /* Timer.m in Sources */ = {isa = PBXBuildFile; fileRef = 51197AF91B132D6F006A7AEE /* Timer.m */; };
		51197AFD1B134D72006A7AEE /* ThrottledPipe.m in Sources */ = {isa = PBXBuildFile; fileRef = 51197AFC1B134D72006A7AEE /* ThrottledPipe.m */; };
		51197B001B1350B1006A7AEE /* ThrottledBlock.m in Sources */ = {isa = PBXBuildFile; fileRef = 51197AFF1B1350B1006A7AEE /* ThrottledBlock.m */; };
		51197B031B136CC3006A7AEE /* VideoOutputController.m in Sources */ = {isa = PBXBuildFile; fileRef = 51197B021B136CC3006A7AEE /* VideoOutputController.m */; };
		51197B071B13AAAD006A7AEE /* TimedEventTracker.m in Sources */ = {isa = PBXBuildFile; fileRef = 51197B061B13AAAD006A7AEE /* TimedEventTracker.m */; };
		511E725B1B544484006F8D9A /* CoreLocation.framework in Frameworks */ = {isa = PBXBuildFile; fileRef = 511E725A1B544484006F8D9A /* CoreLocation.framework */; };
		511E72601B5444CA006F8D9A /* GpsState.m in Sources */ = {isa = PBXBuildFile; fileRef = 511E725F1B5444CA006F8D9A /* GpsState.m */; };
		511EB6601B4B01C7000E287F /* Bolts.framework in Frameworks */ = {isa = PBXBuildFile; fileRef = 511EB65C1B4B01C7000E287F /* Bolts.framework */; };
		511EB6661B4B0419000E287F /* FacebookLoginViewController.m in Sources */ = {isa = PBXBuildFile; fileRef = 511EB6651B4B0419000E287F /* FacebookLoginViewController.m */; };
		5121AFE91C395A37001D3E78 /* include in Resources */ = {isa = PBXBuildFile; fileRef = 5121AFE81C395A37001D3E78 /* include */; };
		5121AFEB1C3973B1001D3E78 /* libz.tbd in Frameworks */ = {isa = PBXBuildFile; fileRef = 5121AFEA1C3973B1001D3E78 /* libz.tbd */; };
		5121AFED1C397403001D3E78 /* libbz2.tbd in Frameworks */ = {isa = PBXBuildFile; fileRef = 5121AFEC1C397403001D3E78 /* libbz2.tbd */; };
		5121AFEF1C397448001D3E78 /* libiconv.tbd in Frameworks */ = {isa = PBXBuildFile; fileRef = 5121AFEE1C397448001D3E78 /* libiconv.tbd */; };
		5121AFFE1C398637001D3E78 /* libx264.a in Frameworks */ = {isa = PBXBuildFile; fileRef = 5121AFF81C398369001D3E78 /* libx264.a */; };
		5121B0071C39A045001D3E78 /* libavcodec.a in Frameworks */ = {isa = PBXBuildFile; fileRef = 5121AFFF1C39A045001D3E78 /* libavcodec.a */; };
		5121B0081C39A045001D3E78 /* libavdevice.a in Frameworks */ = {isa = PBXBuildFile; fileRef = 5121B0001C39A045001D3E78 /* libavdevice.a */; };
		5121B0091C39A045001D3E78 /* libavfilter.a in Frameworks */ = {isa = PBXBuildFile; fileRef = 5121B0011C39A045001D3E78 /* libavfilter.a */; };
		5121B00A1C39A045001D3E78 /* libavformat.a in Frameworks */ = {isa = PBXBuildFile; fileRef = 5121B0021C39A045001D3E78 /* libavformat.a */; };
		5121B00B1C39A045001D3E78 /* libavutil.a in Frameworks */ = {isa = PBXBuildFile; fileRef = 5121B0031C39A045001D3E78 /* libavutil.a */; };
		5121B00C1C39A045001D3E78 /* libpostproc.a in Frameworks */ = {isa = PBXBuildFile; fileRef = 5121B0041C39A045001D3E78 /* libpostproc.a */; };
		5121B00D1C39A045001D3E78 /* libswresample.a in Frameworks */ = {isa = PBXBuildFile; fileRef = 5121B0051C39A045001D3E78 /* libswresample.a */; };
		5121B00E1C39A045001D3E78 /* libswscale.a in Frameworks */ = {isa = PBXBuildFile; fileRef = 5121B0061C39A045001D3E78 /* libswscale.a */; };
		51260FD41B47F60F001DE2B3 /* ConnectionCommander.m in Sources */ = {isa = PBXBuildFile; fileRef = 51260FD31B47F60F001DE2B3 /* ConnectionCommander.m */; };
		5167DFD41D22F93B005ED9A3 /* StoreKit.framework in Frameworks */ = {isa = PBXBuildFile; fileRef = 5167DFD31D22F93B005ED9A3 /* StoreKit.framework */; };
		5178E5ED1CFE354700D89AA6 /* FBSDKCoreKit.framework in Frameworks */ = {isa = PBXBuildFile; fileRef = 5178E5EB1CFE354700D89AA6 /* FBSDKCoreKit.framework */; };
		5178E5EE1CFE354700D89AA6 /* FBSDKLoginKit.framework in Frameworks */ = {isa = PBXBuildFile; fileRef = 5178E5EC1CFE354700D89AA6 /* FBSDKLoginKit.framework */; };
		5178E5F01CFE366100D89AA6 /* FBSDKShareKit.framework in Frameworks */ = {isa = PBXBuildFile; fileRef = 5178E5EF1CFE366100D89AA6 /* FBSDKShareKit.framework */; };
		5178E5F21CFE376B00D89AA6 /* libxml2.tbd in Frameworks */ = {isa = PBXBuildFile; fileRef = 5178E5F11CFE376B00D89AA6 /* libxml2.tbd */; };
		517C4E781D16D15300E7A185 /* ConversationEndedViewController.m in Sources */ = {isa = PBXBuildFile; fileRef = 517C4E771D16D15300E7A185 /* ConversationEndedViewController.m */; };
		519573041AEBEB26000247E1 /* EventTracker.m in Sources */ = {isa = PBXBuildFile; fileRef = 519573031AEBEB26000247E1 /* EventTracker.m */; };
		51993F121D2077C300ACC3BF /* CircleProgressBar.framework in Frameworks */ = {isa = PBXBuildFile; fileRef = 51993F111D2077C300ACC3BF /* CircleProgressBar.framework */; };
		519FFBFC1C6FC9A3002717F0 /* CoreImage.framework in Frameworks */ = {isa = PBXBuildFile; fileRef = 519FFBFB1C6FC9A3002717F0 /* CoreImage.framework */; };
		51A8DEC91D04324500171206 /* FBAudienceNetwork.framework in Frameworks */ = {isa = PBXBuildFile; fileRef = 51A8DEC81D04324500171206 /* FBAudienceNetwork.framework */; };
		51BF42541A750CDB00C16F9A /* ConnectionGovernorProtocol.m in Sources */ = {isa = PBXBuildFile; fileRef = 51BF42531A750CDB00C16F9A /* ConnectionGovernorProtocol.m */; };
		51C18D2B1A9A3882000C42A8 /* Batch.m in Sources */ = {isa = PBXBuildFile; fileRef = 51C18D2A1A9A3882000C42A8 /* Batch.m */; };
		51C2638B1AB45CE400285C6E /* BlockingQueue.m in Sources */ = {isa = PBXBuildFile; fileRef = 51C2638A1AB45CE400285C6E /* BlockingQueue.m */; };
		51C3F13F1A6C4388004040BB /* ConnectionManagerUdp.m in Sources */ = {isa = PBXBuildFile; fileRef = 51C3F13E1A6C4388004040BB /* ConnectionManagerUdp.m */; };
		51CE2B941A8ECD9100B8E5B7 /* PipelineProcessor.m in Sources */ = {isa = PBXBuildFile; fileRef = 51CE2B931A8ECD9000B8E5B7 /* PipelineProcessor.m */; };
		51D103501CF904910038FF15 /* libresolv.tbd in Frameworks */ = {isa = PBXBuildFile; fileRef = 51D1034F1CF904910038FF15 /* libresolv.tbd */; };
		51D584BB19AB648000BB6CE6 /* InputSessionTcp.m in Sources */ = {isa = PBXBuildFile; fileRef = 51D584BA19AB648000BB6CE6 /* InputSessionTcp.m */; };
		51D584BE19AB649500BB6CE6 /* OutputSessionTcp.m in Sources */ = {isa = PBXBuildFile; fileRef = 51D584BD19AB649500BB6CE6 /* OutputSessionTcp.m */; };
		51D584C119AB7A9400BB6CE6 /* ByteBuffer.m in Sources */ = {isa = PBXBuildFile; fileRef = 51D584C019AB7A9400BB6CE6 /* ByteBuffer.m */; };
		51D87CB21A8F7C1B00CE919E /* BatcherInput.m in Sources */ = {isa = PBXBuildFile; fileRef = 51D87CB11A8F7C1B00CE919E /* BatcherInput.m */; };
		51D87CB51A8F7C3000CE919E /* BatcherOutput.m in Sources */ = {isa = PBXBuildFile; fileRef = 51D87CB41A8F7C3000CE919E /* BatcherOutput.m */; };
		51DB961819A8E3D0001A63F8 /* ConnectionManagerTcp.m in Sources */ = {isa = PBXBuildFile; fileRef = 51DB961719A8E3D0001A63F8 /* ConnectionManagerTcp.m */; };
		51DB961B19A8EE05001A63F8 /* ConnectionViewController.m in Sources */ = {isa = PBXBuildFile; fileRef = 51DB961A19A8EE05001A63F8 /* ConnectionViewController.m */; };
		51E1BF2B1A5DD7A4007D8A56 /* MediaController.m in Sources */ = {isa = PBXBuildFile; fileRef = 51E1BF2A1A5DD7A4007D8A56 /* MediaController.m */; };
		51E219DC193B2D190066D915 /* Storyboard.storyboard in Resources */ = {isa = PBXBuildFile; fileRef = 51E219DB193B2D190066D915 /* Storyboard.storyboard */; };
		51E5BE221936A982003E45C3 /* Foundation.framework in Frameworks */ = {isa = PBXBuildFile; fileRef = 51E5BE211936A982003E45C3 /* Foundation.framework */; };
		51E5BE241936A982003E45C3 /* CoreGraphics.framework in Frameworks */ = {isa = PBXBuildFile; fileRef = 51E5BE231936A982003E45C3 /* CoreGraphics.framework */; };
		51E5BE261936A982003E45C3 /* UIKit.framework in Frameworks */ = {isa = PBXBuildFile; fileRef = 51E5BE251936A982003E45C3 /* UIKit.framework */; };
		51E5BE2C1936A982003E45C3 /* InfoPlist.strings in Resources */ = {isa = PBXBuildFile; fileRef = 51E5BE2A1936A982003E45C3 /* InfoPlist.strings */; };
		51E5BE2E1936A982003E45C3 /* main.m in Sources */ = {isa = PBXBuildFile; fileRef = 51E5BE2D1936A982003E45C3 /* main.m */; };
		51E5BE321936A982003E45C3 /* MJPAppDelegate.m in Sources */ = {isa = PBXBuildFile; fileRef = 51E5BE311936A982003E45C3 /* MJPAppDelegate.m */; };
		51E5BE341936A982003E45C3 /* Images.xcassets in Resources */ = {isa = PBXBuildFile; fileRef = 51E5BE331936A982003E45C3 /* Images.xcassets */; };
		51E5BE811ABD03FD003E035C /* EncodingPipe.m in Sources */ = {isa = PBXBuildFile; fileRef = 51E5BE801ABD03FD003E035C /* EncodingPipe.m */; };
		51E5BE841ABD0450003E035C /* DecodingPipe.m in Sources */ = {isa = PBXBuildFile; fileRef = 51E5BE831ABD0450003E035C /* DecodingPipe.m */; };
		51E888A11A597585005F8825 /* Signal.m in Sources */ = {isa = PBXBuildFile; fileRef = 51E888A01A597585005F8825 /* Signal.m */; };
		51FBE0441AF66AF3009115AE /* ActivityMonitor.m in Sources */ = {isa = PBXBuildFile; fileRef = 51FBE0431AF66AF3009115AE /* ActivityMonitor.m */; };
		51FE7E0C1B3C85EF00FF27F3 /* ConnectionGovernorNatPunchthrough.m in Sources */ = {isa = PBXBuildFile; fileRef = 51FE7E0B1B3C85EF00FF27F3 /* ConnectionGovernorNatPunchthrough.m */; };
		51FF00531B52E54100D6AF33 /* SocialState.m in Sources */ = {isa = PBXBuildFile; fileRef = 51FF00521B52E54100D6AF33 /* SocialState.m */; };
		D5D61065DF0FE43CD8139FEE /* TimedGapEventTracker.m in Sources */ = {isa = PBXBuildFile; fileRef = D5D619B9B74C7F1DF1AAC7AB /* TimedGapEventTracker.m */; };
		D5D6109C65D00FC0470BFE1E /* DelayedPipe.m in Sources */ = {isa = PBXBuildFile; fileRef = D5D61109DD409D89A9B6D01A /* DelayedPipe.m */; };
		D5D610AE60939C3E1169833F /* BannedViewController.m in Sources */ = {isa = PBXBuildFile; fileRef = D5D61BCFDFFC217775E41C2D /* BannedViewController.m */; };
		D5D61138250F5B15745691AF /* AverageTracker.m in Sources */ = {isa = PBXBuildFile; fileRef = D5D615F63C69FA0011332EF8 /* AverageTracker.m */; };
		D5D611D1DE3EDA3A80460046 /* ViewInteractions.m in Sources */ = {isa = PBXBuildFile; fileRef = D5D61E1702DA62D0167A5510 /* ViewInteractions.m */; };
		D5D6134479AE653BC9C32A65 /* VideoCompression.m in Sources */ = {isa = PBXBuildFile; fileRef = D5D6133CC60B37AAACCADD40 /* VideoCompression.m */; };
		D5D6137BAB800EC6DF1FD7BE /* VIdeoEncoding.m in Sources */ = {isa = PBXBuildFile; fileRef = D5D6142C892CC20B2A5702AB /* VIdeoEncoding.m */; };
		D5D614411E4E71114170D04A /* Analytics.m in Sources */ = {isa = PBXBuildFile; fileRef = D5D618DEAA6848DAB2BE2ADC /* Analytics.m */; };
		D5D6145E9B103B21DEEDEF03 /* AudioGraph.m in Sources */ = {isa = PBXBuildFile; fileRef = D5D61207BC64C4E6C3132C20 /* AudioGraph.m */; };
		D5D61487C694F7BDD0E86A7C /* Orientation.m in Sources */ = {isa = PBXBuildFile; fileRef = D5D61361F43525D3DF93DCE0 /* Orientation.m */; };
		D5D614CA16CE4BB1DA691742 /* Threading.m in Sources */ = {isa = PBXBuildFile; fileRef = D5D610546CB5BFA2EC52AFD5 /* Threading.m */; };
		D5D614DB6EB5A7B2C1193E29 /* Random.m in Sources */ = {isa = PBXBuildFile; fileRef = D5D61F936E4BD471748152DB /* Random.m */; };
		D5D614E4D6BFED6E76D90C66 /* AudioCompression.m in Sources */ = {isa = PBXBuildFile; fileRef = D5D61A8DAF794BA61B97B9A4 /* AudioCompression.m */; };
		D5D615C5390466834791C72C /* IPV6Resolver.m in Sources */ = {isa = PBXBuildFile; fileRef = D5D61FA430B78B85E9A5F0CC /* IPV6Resolver.m */; };
		D5D615E72649593B457AEBD0 /* BlockingQueueTemporal.m in Sources */ = {isa = PBXBuildFile; fileRef = D5D6164D3A71EE25A47432E8 /* BlockingQueueTemporal.m */; };
		D5D615E9B348EFBB9B04F511 /* VideoShared.m in Sources */ = {isa = PBXBuildFile; fileRef = D5D614114FF48DB005807969 /* VideoShared.m */; };
		D5D6165B63794F0F27DDF979 /* AudioPcmConversion.m in Sources */ = {isa = PBXBuildFile; fileRef = D5D61FC56AFD47784849F7C2 /* AudioPcmConversion.m */; };
		D5D6172203880B4EF5E0208A /* TimedCounter.m in Sources */ = {isa = PBXBuildFile; fileRef = D5D61836CE9E34E7AFC359A6 /* TimedCounter.m */; };
		D5D61758C6E0646D1277A88C /* AudioUnitHelpers.m in Sources */ = {isa = PBXBuildFile; fileRef = D5D61D42394687AAC5C21FB8 /* AudioUnitHelpers.m */; };
		D5D617D21FA6360C6525B632 /* AverageTrackerLimitedSize.m in Sources */ = {isa = PBXBuildFile; fileRef = D5D618CA3E0E47943592842C /* AverageTrackerLimitedSize.m */; };
		D5D618074CD0B5BEA7144104 /* AudioShared.m in Sources */ = {isa = PBXBuildFile; fileRef = D5D61B2954C519324141BCE0 /* AudioShared.m */; };
		D5D6184FBB9A864226D0235D /* TimedMinMaxTracker.m in Sources */ = {isa = PBXBuildFile; fileRef = D5D61DA3C9FA2DFD20EDDA21 /* TimedMinMaxTracker.m */; };
		D5D618BBF13857535FF458BE /* BanPaymentsViewController.m in Sources */ = {isa = PBXBuildFile; fileRef = D5D611C93EBE4BF3E3DE1D08 /* BanPaymentsViewController.m */; };
		D5D6192DFC855EFECF623757 /* AccessDialog.m in Sources */ = {isa = PBXBuildFile; fileRef = D5D61D7435CE35550C2AB293 /* AccessDialog.m */; };
		D5D619A16A87A131135803C1 /* AudioSessionInteractions.m in Sources */ = {isa = PBXBuildFile; fileRef = D5D61422E8EE480CC5AAEF87 /* AudioSessionInteractions.m */; };
		D5D619C325C883762F20C6AE /* Payments.m in Sources */ = {isa = PBXBuildFile; fileRef = D5D61CB954B6907CFECD0082 /* Payments.m */; };
		D5D61B5A48A0CB843806AA65 /* TimedCounterLogging.m in Sources */ = {isa = PBXBuildFile; fileRef = D5D6114D7017CFB660E7BE53 /* TimedCounterLogging.m */; };
		D5D61BB3C8D9E23D68765691 /* ReadWriteLock.m in Sources */ = {isa = PBXBuildFile; fileRef = D5D6152266A86BEEEF16A5DD /* ReadWriteLock.m */; };
		D5D61CBB3513E39935B73FDC /* CustomNavigationController.m in Sources */ = {isa = PBXBuildFile; fileRef = D5D61A72597479299B065AE4 /* CustomNavigationController.m */; };
		D5D61CBEDFE3FFE1F6EE3C44 /* BatchSizeGenerator.m in Sources */ = {isa = PBXBuildFile; fileRef = D5D61FA523774C1B712EA210 /* BatchSizeGenerator.m */; };
		D5D61D398DD2CB59B9FE1684 /* SoundEncodingShared.m in Sources */ = {isa = PBXBuildFile; fileRef = D5D61453B416B66B682A844C /* SoundEncodingShared.m */; };
		D5D61DBCF37E714F96DF680C /* SequenceEncodingPipe.m in Sources */ = {isa = PBXBuildFile; fileRef = D5D61BBEC1CD98FCE065A176 /* SequenceEncodingPipe.m */; };
		D5D61DE633140FF952A66F5A /* SequenceDecodingPipe.m in Sources */ = {isa = PBXBuildFile; fileRef = D5D61A4F18629E7753844010 /* SequenceDecodingPipe.m */; };
		D5D61E3CACDB415A66BE5819 /* FacebookSharedViewController.m in Sources */ = {isa = PBXBuildFile; fileRef = D5D614C41CD23AF45D1CA842 /* FacebookSharedViewController.m */; };
		D5D61FB357145EB97BA61493 /* DnsResolver.m in Sources */ = {isa = PBXBuildFile; fileRef = D5D61F3CFD2F73472D349475 /* DnsResolver.m */; };
/* End PBXBuildFile section */

/* Begin PBXFileReference section */
		24E88DA7C61A92B806E3BB66 /* Pods-Hologram.debug.xcconfig */ = {isa = PBXFileReference; includeInIndex = 1; lastKnownFileType = text.xcconfig; name = "Pods-Hologram.debug.xcconfig"; path = "Pods/Target Support Files/Pods-Hologram/Pods-Hologram.debug.xcconfig"; sourceTree = "<group>"; };
		5103D29C1B5594F200B9593C /* LoginProvider.h */ = {isa = PBXFileReference; fileEncoding = 4; lastKnownFileType = sourcecode.c.h; path = LoginProvider.h; sourceTree = "<group>"; };
		5103D2A01B55960B00B9593C /* HologramLogin.h */ = {isa = PBXFileReference; fileEncoding = 4; lastKnownFileType = sourcecode.c.h; path = HologramLogin.h; sourceTree = "<group>"; };
		5103D2A11B55960B00B9593C /* HologramLogin.m */ = {isa = PBXFileReference; fileEncoding = 4; lastKnownFileType = sourcecode.c.objc; path = HologramLogin.m; sourceTree = "<group>"; };
		5109583A1BB32C5800319FA9 /* iAd.framework */ = {isa = PBXFileReference; lastKnownFileType = wrapper.framework; name = iAd.framework; path = System/Library/Frameworks/iAd.framework; sourceTree = SDKROOT; };
		510F6DF71BA74C1800D2AF48 /* AlertViewController.h */ = {isa = PBXFileReference; fileEncoding = 4; lastKnownFileType = sourcecode.c.h; path = AlertViewController.h; sourceTree = "<group>"; };
		510F6DF81BA74C1800D2AF48 /* AlertViewController.m */ = {isa = PBXFileReference; fileEncoding = 4; lastKnownFileType = sourcecode.c.objc; path = AlertViewController.m; sourceTree = "<group>"; };
		511605F31B3EBE5D0071A183 /* NetworkUtility.h */ = {isa = PBXFileReference; fileEncoding = 4; lastKnownFileType = sourcecode.c.h; path = NetworkUtility.h; sourceTree = "<group>"; };
		511605F41B3EBE5D0071A183 /* NetworkUtility.m */ = {isa = PBXFileReference; fileEncoding = 4; lastKnownFileType = sourcecode.c.objc; path = NetworkUtility.m; sourceTree = "<group>"; };
		511605F61B3EEF8C0071A183 /* ConnectionGovernor.h */ = {isa = PBXFileReference; lastKnownFileType = sourcecode.c.h; path = ConnectionGovernor.h; sourceTree = "<group>"; };
		511669F51CF3A8D100E561DF /* GoogleService-Info.plist */ = {isa = PBXFileReference; fileEncoding = 4; lastKnownFileType = text.plist.xml; path = "GoogleService-Info.plist"; sourceTree = "<group>"; };
		511949331B3FFF8F00314436 /* ConnectionGovernor.m */ = {isa = PBXFileReference; fileEncoding = 4; lastKnownFileType = sourcecode.c.objc; path = ConnectionGovernor.m; sourceTree = "<group>"; };
		51197AF81B132D6F006A7AEE /* Timer.h */ = {isa = PBXFileReference; fileEncoding = 4; lastKnownFileType = sourcecode.c.h; path = Timer.h; sourceTree = "<group>"; };
		51197AF91B132D6F006A7AEE /* Timer.m */ = {isa = PBXFileReference; fileEncoding = 4; lastKnownFileType = sourcecode.c.objc; path = Timer.m; sourceTree = "<group>"; };
		51197AFB1B134D72006A7AEE /* ThrottledPipe.h */ = {isa = PBXFileReference; fileEncoding = 4; lastKnownFileType = sourcecode.c.h; path = ThrottledPipe.h; sourceTree = "<group>"; };
		51197AFC1B134D72006A7AEE /* ThrottledPipe.m */ = {isa = PBXFileReference; fileEncoding = 4; lastKnownFileType = sourcecode.c.objc; path = ThrottledPipe.m; sourceTree = "<group>"; };
		51197AFE1B1350B1006A7AEE /* ThrottledBlock.h */ = {isa = PBXFileReference; fileEncoding = 4; lastKnownFileType = sourcecode.c.h; path = ThrottledBlock.h; sourceTree = "<group>"; };
		51197AFF1B1350B1006A7AEE /* ThrottledBlock.m */ = {isa = PBXFileReference; fileEncoding = 4; lastKnownFileType = sourcecode.c.objc; path = ThrottledBlock.m; sourceTree = "<group>"; };
		51197B011B136CC3006A7AEE /* VideoOutputController.h */ = {isa = PBXFileReference; fileEncoding = 4; lastKnownFileType = sourcecode.c.h; path = VideoOutputController.h; sourceTree = "<group>"; };
		51197B021B136CC3006A7AEE /* VideoOutputController.m */ = {isa = PBXFileReference; fileEncoding = 4; lastKnownFileType = sourcecode.c.objc; path = VideoOutputController.m; sourceTree = "<group>"; };
		51197B041B137468006A7AEE /* NetworkOperations.h */ = {isa = PBXFileReference; lastKnownFileType = sourcecode.c.h; path = NetworkOperations.h; sourceTree = "<group>"; };
		51197B051B13AAAD006A7AEE /* TimedEventTracker.h */ = {isa = PBXFileReference; fileEncoding = 4; lastKnownFileType = sourcecode.c.h; path = TimedEventTracker.h; sourceTree = "<group>"; };
		51197B061B13AAAD006A7AEE /* TimedEventTracker.m */ = {isa = PBXFileReference; fileEncoding = 4; lastKnownFileType = sourcecode.c.objc; path = TimedEventTracker.m; sourceTree = "<group>"; };
		511E725A1B544484006F8D9A /* CoreLocation.framework */ = {isa = PBXFileReference; lastKnownFileType = wrapper.framework; name = CoreLocation.framework; path = System/Library/Frameworks/CoreLocation.framework; sourceTree = SDKROOT; };
		511E725C1B544497006F8D9A /* CoreLocation.framework */ = {isa = PBXFileReference; lastKnownFileType = wrapper.framework; name = CoreLocation.framework; path = System/Library/Frameworks/CoreLocation.framework; sourceTree = SDKROOT; };
		511E725E1B5444CA006F8D9A /* GpsState.h */ = {isa = PBXFileReference; fileEncoding = 4; lastKnownFileType = sourcecode.c.h; path = GpsState.h; sourceTree = "<group>"; };
		511E725F1B5444CA006F8D9A /* GpsState.m */ = {isa = PBXFileReference; fileEncoding = 4; lastKnownFileType = sourcecode.c.objc; path = GpsState.m; sourceTree = "<group>"; };
		511EB6581B4AFE0D000E287F /* FBSDKCoreKit.framework */ = {isa = PBXFileReference; lastKnownFileType = wrapper.framework; name = FBSDKCoreKit.framework; path = ../../Documents/FacebookSDK/FBSDKCoreKit.framework; sourceTree = "<group>"; };
		511EB6591B4AFE0D000E287F /* FBSDKLoginKit.framework */ = {isa = PBXFileReference; lastKnownFileType = wrapper.framework; name = FBSDKLoginKit.framework; path = ../../Documents/FacebookSDK/FBSDKLoginKit.framework; sourceTree = "<group>"; };
		511EB65C1B4B01C7000E287F /* Bolts.framework */ = {isa = PBXFileReference; lastKnownFileType = wrapper.framework; name = Bolts.framework; path = ../../Documents/FacebookSDK/Bolts.framework; sourceTree = "<group>"; };
		511EB65D1B4B01C7000E287F /* FacebookSDKStrings.bundle */ = {isa = PBXFileReference; lastKnownFileType = "wrapper.plug-in"; name = FacebookSDKStrings.bundle; path = ../../Documents/FacebookSDK/FacebookSDKStrings.bundle; sourceTree = "<group>"; };
		511EB65E1B4B01C7000E287F /* FBAudienceNetwork.framework */ = {isa = PBXFileReference; lastKnownFileType = wrapper.framework; name = FBAudienceNetwork.framework; path = ../../Documents/FacebookSDK/FBAudienceNetwork.framework; sourceTree = "<group>"; };
		511EB65F1B4B01C7000E287F /* FBSDKShareKit.framework */ = {isa = PBXFileReference; lastKnownFileType = wrapper.framework; name = FBSDKShareKit.framework; path = ../../Documents/FacebookSDK/FBSDKShareKit.framework; sourceTree = "<group>"; };
		511EB6641B4B0419000E287F /* FacebookLoginViewController.h */ = {isa = PBXFileReference; fileEncoding = 4; lastKnownFileType = sourcecode.c.h; path = FacebookLoginViewController.h; sourceTree = "<group>"; };
		511EB6651B4B0419000E287F /* FacebookLoginViewController.m */ = {isa = PBXFileReference; fileEncoding = 4; lastKnownFileType = sourcecode.c.objc; path = FacebookLoginViewController.m; sourceTree = "<group>"; };
		5121AFD71C395585001D3E78 /* libavcodec.a */ = {isa = PBXFileReference; lastKnownFileType = archive.ar; name = libavcodec.a; path = "ffmpeg/FFmpeg-iOS/lib/libavcodec.a"; sourceTree = "<group>"; };
		5121AFD81C395585001D3E78 /* libavdevice.a */ = {isa = PBXFileReference; lastKnownFileType = archive.ar; name = libavdevice.a; path = "ffmpeg/FFmpeg-iOS/lib/libavdevice.a"; sourceTree = "<group>"; };
		5121AFD91C395585001D3E78 /* libavfilter.a */ = {isa = PBXFileReference; lastKnownFileType = archive.ar; name = libavfilter.a; path = "ffmpeg/FFmpeg-iOS/lib/libavfilter.a"; sourceTree = "<group>"; };
		5121AFDA1C395585001D3E78 /* libavformat.a */ = {isa = PBXFileReference; lastKnownFileType = archive.ar; name = libavformat.a; path = "ffmpeg/FFmpeg-iOS/lib/libavformat.a"; sourceTree = "<group>"; };
		5121AFDB1C395585001D3E78 /* libavutil.a */ = {isa = PBXFileReference; lastKnownFileType = archive.ar; name = libavutil.a; path = "ffmpeg/FFmpeg-iOS/lib/libavutil.a"; sourceTree = "<group>"; };
		5121AFDC1C395585001D3E78 /* libswresample.a */ = {isa = PBXFileReference; lastKnownFileType = archive.ar; name = libswresample.a; path = "ffmpeg/FFmpeg-iOS/lib/libswresample.a"; sourceTree = "<group>"; };
		5121AFDD1C395585001D3E78 /* libswscale.a */ = {isa = PBXFileReference; lastKnownFileType = archive.ar; name = libswscale.a; path = "ffmpeg/FFmpeg-iOS/lib/libswscale.a"; sourceTree = "<group>"; };
		5121AFE81C395A37001D3E78 /* include */ = {isa = PBXFileReference; lastKnownFileType = folder; name = include; path = "ffmpeg/FFmpeg-iOS/include"; sourceTree = "<group>"; };
		5121AFEA1C3973B1001D3E78 /* libz.tbd */ = {isa = PBXFileReference; lastKnownFileType = "sourcecode.text-based-dylib-definition"; name = libz.tbd; path = usr/lib/libz.tbd; sourceTree = SDKROOT; };
		5121AFEC1C397403001D3E78 /* libbz2.tbd */ = {isa = PBXFileReference; lastKnownFileType = "sourcecode.text-based-dylib-definition"; name = libbz2.tbd; path = usr/lib/libbz2.tbd; sourceTree = SDKROOT; };
		5121AFEE1C397448001D3E78 /* libiconv.tbd */ = {isa = PBXFileReference; lastKnownFileType = "sourcecode.text-based-dylib-definition"; name = libiconv.tbd; path = usr/lib/libiconv.tbd; sourceTree = SDKROOT; };
		5121AFF81C398369001D3E78 /* libx264.a */ = {isa = PBXFileReference; lastKnownFileType = archive.ar; name = libx264.a; path = "x264-ios/x264-iOS/lib/libx264.a"; sourceTree = "<group>"; };
		5121AFFF1C39A045001D3E78 /* libavcodec.a */ = {isa = PBXFileReference; lastKnownFileType = archive.ar; name = libavcodec.a; path = "FFmpeg-iOS-build-script/FFmpeg-iOS/lib/libavcodec.a"; sourceTree = "<group>"; };
		5121B0001C39A045001D3E78 /* libavdevice.a */ = {isa = PBXFileReference; lastKnownFileType = archive.ar; name = libavdevice.a; path = "FFmpeg-iOS-build-script/FFmpeg-iOS/lib/libavdevice.a"; sourceTree = "<group>"; };
		5121B0011C39A045001D3E78 /* libavfilter.a */ = {isa = PBXFileReference; lastKnownFileType = archive.ar; name = libavfilter.a; path = "FFmpeg-iOS-build-script/FFmpeg-iOS/lib/libavfilter.a"; sourceTree = "<group>"; };
		5121B0021C39A045001D3E78 /* libavformat.a */ = {isa = PBXFileReference; lastKnownFileType = archive.ar; name = libavformat.a; path = "FFmpeg-iOS-build-script/FFmpeg-iOS/lib/libavformat.a"; sourceTree = "<group>"; };
		5121B0031C39A045001D3E78 /* libavutil.a */ = {isa = PBXFileReference; lastKnownFileType = archive.ar; name = libavutil.a; path = "FFmpeg-iOS-build-script/FFmpeg-iOS/lib/libavutil.a"; sourceTree = "<group>"; };
		5121B0041C39A045001D3E78 /* libpostproc.a */ = {isa = PBXFileReference; lastKnownFileType = archive.ar; name = libpostproc.a; path = "FFmpeg-iOS-build-script/FFmpeg-iOS/lib/libpostproc.a"; sourceTree = "<group>"; };
		5121B0051C39A045001D3E78 /* libswresample.a */ = {isa = PBXFileReference; lastKnownFileType = archive.ar; name = libswresample.a; path = "FFmpeg-iOS-build-script/FFmpeg-iOS/lib/libswresample.a"; sourceTree = "<group>"; };
		5121B0061C39A045001D3E78 /* libswscale.a */ = {isa = PBXFileReference; lastKnownFileType = archive.ar; name = libswscale.a; path = "FFmpeg-iOS-build-script/FFmpeg-iOS/lib/libswscale.a"; sourceTree = "<group>"; };
		51260FD21B47F60F001DE2B3 /* ConnectionCommander.h */ = {isa = PBXFileReference; fileEncoding = 4; lastKnownFileType = sourcecode.c.h; path = ConnectionCommander.h; sourceTree = "<group>"; };
		51260FD31B47F60F001DE2B3 /* ConnectionCommander.m */ = {isa = PBXFileReference; fileEncoding = 4; lastKnownFileType = sourcecode.c.objc; path = ConnectionCommander.m; sourceTree = "<group>"; };
		5167DFD31D22F93B005ED9A3 /* StoreKit.framework */ = {isa = PBXFileReference; lastKnownFileType = wrapper.framework; name = StoreKit.framework; path = System/Library/Frameworks/StoreKit.framework; sourceTree = SDKROOT; };
		5178E5EB1CFE354700D89AA6 /* FBSDKCoreKit.framework */ = {isa = PBXFileReference; lastKnownFileType = wrapper.framework; name = FBSDKCoreKit.framework; path = frameworks/FBSDKCoreKit.framework; sourceTree = "<group>"; };
		5178E5EC1CFE354700D89AA6 /* FBSDKLoginKit.framework */ = {isa = PBXFileReference; lastKnownFileType = wrapper.framework; name = FBSDKLoginKit.framework; path = frameworks/FBSDKLoginKit.framework; sourceTree = "<group>"; };
		5178E5EF1CFE366100D89AA6 /* FBSDKShareKit.framework */ = {isa = PBXFileReference; lastKnownFileType = wrapper.framework; name = FBSDKShareKit.framework; path = frameworks/FBSDKShareKit.framework; sourceTree = "<group>"; };
		5178E5F11CFE376B00D89AA6 /* libxml2.tbd */ = {isa = PBXFileReference; lastKnownFileType = "sourcecode.text-based-dylib-definition"; name = libxml2.tbd; path = usr/lib/libxml2.tbd; sourceTree = SDKROOT; };
		517C4E761D16D15300E7A185 /* ConversationEndedViewController.h */ = {isa = PBXFileReference; fileEncoding = 4; lastKnownFileType = sourcecode.c.h; path = ConversationEndedViewController.h; sourceTree = "<group>"; };
		517C4E771D16D15300E7A185 /* ConversationEndedViewController.m */ = {isa = PBXFileReference; fileEncoding = 4; lastKnownFileType = sourcecode.c.objc; path = ConversationEndedViewController.m; sourceTree = "<group>"; };
		519573021AEBEB26000247E1 /* EventTracker.h */ = {isa = PBXFileReference; fileEncoding = 4; lastKnownFileType = sourcecode.c.h; path = EventTracker.h; sourceTree = "<group>"; };
		519573031AEBEB26000247E1 /* EventTracker.m */ = {isa = PBXFileReference; fileEncoding = 4; lastKnownFileType = sourcecode.c.objc; path = EventTracker.m; sourceTree = "<group>"; };
		51993F111D2077C300ACC3BF /* CircleProgressBar.framework */ = {isa = PBXFileReference; lastKnownFileType = wrapper.framework; name = CircleProgressBar.framework; path = "../../Library/Developer/Xcode/DerivedData/Hologram-bdmqwnbyucsxubdtppveaboyeixo/Build/Products/Release-iphoneos/CircleProgressBar/CircleProgressBar.framework"; sourceTree = "<group>"; };
		519FFBF91C6FB466002717F0 /* Hologram-Info.plist */ = {isa = PBXFileReference; fileEncoding = 4; lastKnownFileType = text.plist.xml; path = "Hologram-Info.plist"; sourceTree = "<group>"; };
		519FFBFB1C6FC9A3002717F0 /* CoreImage.framework */ = {isa = PBXFileReference; lastKnownFileType = wrapper.framework; name = CoreImage.framework; path = System/Library/Frameworks/CoreImage.framework; sourceTree = SDKROOT; };
		51A8DEC81D04324500171206 /* FBAudienceNetwork.framework */ = {isa = PBXFileReference; lastKnownFileType = wrapper.framework; name = FBAudienceNetwork.framework; path = frameworks/FBAudienceNetwork.framework; sourceTree = "<group>"; };
		51BDB1491A6F0E7E00E0DA49 /* InputSessionBase.h */ = {isa = PBXFileReference; fileEncoding = 4; lastKnownFileType = sourcecode.c.h; path = InputSessionBase.h; sourceTree = "<group>"; };
		51BDB14D1A6F121400E0DA49 /* ConnectionManagerBase.h */ = {isa = PBXFileReference; lastKnownFileType = sourcecode.c.h; path = ConnectionManagerBase.h; sourceTree = "<group>"; };
		51BE77711C53EEF100492336 /* XCTest.framework */ = {isa = PBXFileReference; lastKnownFileType = wrapper.framework; path = XCTest.framework; sourceTree = "<group>"; };
		51BE778B1C5402C900492336 /* BatchingTest.m */ = {isa = PBXFileReference; fileEncoding = 4; lastKnownFileType = sourcecode.c.objc; path = BatchingTest.m; sourceTree = "<group>"; };
		51BF42521A750CDB00C16F9A /* ConnectionGovernorProtocol.h */ = {isa = PBXFileReference; fileEncoding = 4; lastKnownFileType = sourcecode.c.h; lineEnding = 0; path = ConnectionGovernorProtocol.h; sourceTree = "<group>"; xcLanguageSpecificationIdentifier = xcode.lang.objcpp; };
		51BF42531A750CDB00C16F9A /* ConnectionGovernorProtocol.m */ = {isa = PBXFileReference; fileEncoding = 4; lastKnownFileType = sourcecode.c.objc; lineEnding = 0; path = ConnectionGovernorProtocol.m; sourceTree = "<group>"; xcLanguageSpecificationIdentifier = xcode.lang.objc; };
		51C18D291A9A3882000C42A8 /* Batch.h */ = {isa = PBXFileReference; fileEncoding = 4; lastKnownFileType = sourcecode.c.h; lineEnding = 0; path = Batch.h; sourceTree = "<group>"; xcLanguageSpecificationIdentifier = xcode.lang.objcpp; };
		51C18D2A1A9A3882000C42A8 /* Batch.m */ = {isa = PBXFileReference; fileEncoding = 4; lastKnownFileType = sourcecode.c.objc; lineEnding = 0; path = Batch.m; sourceTree = "<group>"; xcLanguageSpecificationIdentifier = xcode.lang.objc; };
		51C263891AB45CE400285C6E /* BlockingQueue.h */ = {isa = PBXFileReference; fileEncoding = 4; lastKnownFileType = sourcecode.c.h; path = BlockingQueue.h; sourceTree = "<group>"; };
		51C2638A1AB45CE400285C6E /* BlockingQueue.m */ = {isa = PBXFileReference; fileEncoding = 4; lastKnownFileType = sourcecode.c.objc; path = BlockingQueue.m; sourceTree = "<group>"; };
		51C3F13D1A6C4388004040BB /* ConnectionManagerUdp.h */ = {isa = PBXFileReference; fileEncoding = 4; lastKnownFileType = sourcecode.c.h; lineEnding = 0; path = ConnectionManagerUdp.h; sourceTree = "<group>"; xcLanguageSpecificationIdentifier = xcode.lang.objcpp; };
		51C3F13E1A6C4388004040BB /* ConnectionManagerUdp.m */ = {isa = PBXFileReference; fileEncoding = 4; lastKnownFileType = sourcecode.c.objc; path = ConnectionManagerUdp.m; sourceTree = "<group>"; };
		51CE2B921A8ECD9000B8E5B7 /* PipelineProcessor.h */ = {isa = PBXFileReference; fileEncoding = 4; lastKnownFileType = sourcecode.c.h; lineEnding = 0; path = PipelineProcessor.h; sourceTree = "<group>"; xcLanguageSpecificationIdentifier = xcode.lang.objcpp; };
		51CE2B931A8ECD9000B8E5B7 /* PipelineProcessor.m */ = {isa = PBXFileReference; fileEncoding = 4; lastKnownFileType = sourcecode.c.objc; lineEnding = 0; path = PipelineProcessor.m; sourceTree = "<group>"; xcLanguageSpecificationIdentifier = xcode.lang.objc; };
		51D1034F1CF904910038FF15 /* libresolv.tbd */ = {isa = PBXFileReference; lastKnownFileType = "sourcecode.text-based-dylib-definition"; name = libresolv.tbd; path = usr/lib/libresolv.tbd; sourceTree = SDKROOT; };
		51D584B919AB648000BB6CE6 /* InputSessionTcp.h */ = {isa = PBXFileReference; fileEncoding = 4; lastKnownFileType = sourcecode.c.h; path = InputSessionTcp.h; sourceTree = "<group>"; };
		51D584BA19AB648000BB6CE6 /* InputSessionTcp.m */ = {isa = PBXFileReference; fileEncoding = 4; lastKnownFileType = sourcecode.c.objc; path = InputSessionTcp.m; sourceTree = "<group>"; };
		51D584BC19AB649500BB6CE6 /* OutputSessionTcp.h */ = {isa = PBXFileReference; fileEncoding = 4; lastKnownFileType = sourcecode.c.h; lineEnding = 0; path = OutputSessionTcp.h; sourceTree = "<group>"; xcLanguageSpecificationIdentifier = xcode.lang.objcpp; };
		51D584BD19AB649500BB6CE6 /* OutputSessionTcp.m */ = {isa = PBXFileReference; fileEncoding = 4; lastKnownFileType = sourcecode.c.objc; path = OutputSessionTcp.m; sourceTree = "<group>"; };
		51D584BF19AB7A9400BB6CE6 /* ByteBuffer.h */ = {isa = PBXFileReference; fileEncoding = 4; lastKnownFileType = sourcecode.c.h; path = ByteBuffer.h; sourceTree = "<group>"; };
		51D584C019AB7A9400BB6CE6 /* ByteBuffer.m */ = {isa = PBXFileReference; fileEncoding = 4; lastKnownFileType = sourcecode.c.objc; path = ByteBuffer.m; sourceTree = "<group>"; };
		51D584C219AB8B1D00BB6CE6 /* ByteBufferTest.m */ = {isa = PBXFileReference; fileEncoding = 4; lastKnownFileType = sourcecode.c.objc; path = ByteBufferTest.m; sourceTree = "<group>"; };
		51D87CB01A8F7C1A00CE919E /* BatcherInput.h */ = {isa = PBXFileReference; fileEncoding = 4; lastKnownFileType = sourcecode.c.h; lineEnding = 0; path = BatcherInput.h; sourceTree = "<group>"; xcLanguageSpecificationIdentifier = xcode.lang.objcpp; };
		51D87CB11A8F7C1B00CE919E /* BatcherInput.m */ = {isa = PBXFileReference; fileEncoding = 4; lastKnownFileType = sourcecode.c.objc; lineEnding = 0; path = BatcherInput.m; sourceTree = "<group>"; xcLanguageSpecificationIdentifier = xcode.lang.objc; };
		51D87CB31A8F7C3000CE919E /* BatcherOutput.h */ = {isa = PBXFileReference; fileEncoding = 4; lastKnownFileType = sourcecode.c.h; lineEnding = 0; path = BatcherOutput.h; sourceTree = "<group>"; xcLanguageSpecificationIdentifier = xcode.lang.objcpp; };
		51D87CB41A8F7C3000CE919E /* BatcherOutput.m */ = {isa = PBXFileReference; fileEncoding = 4; lastKnownFileType = sourcecode.c.objc; lineEnding = 0; path = BatcherOutput.m; sourceTree = "<group>"; xcLanguageSpecificationIdentifier = xcode.lang.objc; };
		51DB961619A8E3D0001A63F8 /* ConnectionManagerTcp.h */ = {isa = PBXFileReference; fileEncoding = 4; lastKnownFileType = sourcecode.c.h; path = ConnectionManagerTcp.h; sourceTree = "<group>"; };
		51DB961719A8E3D0001A63F8 /* ConnectionManagerTcp.m */ = {isa = PBXFileReference; fileEncoding = 4; lastKnownFileType = sourcecode.c.objc; path = ConnectionManagerTcp.m; sourceTree = "<group>"; };
		51DB961919A8EE05001A63F8 /* ConnectionViewController.h */ = {isa = PBXFileReference; fileEncoding = 4; lastKnownFileType = sourcecode.c.h; lineEnding = 0; path = ConnectionViewController.h; sourceTree = "<group>"; xcLanguageSpecificationIdentifier = xcode.lang.objcpp; };
		51DB961A19A8EE05001A63F8 /* ConnectionViewController.m */ = {isa = PBXFileReference; fileEncoding = 4; lastKnownFileType = sourcecode.c.objc; path = ConnectionViewController.m; sourceTree = "<group>"; };
		51E1BF291A5DD7A4007D8A56 /* MediaController.h */ = {isa = PBXFileReference; fileEncoding = 4; lastKnownFileType = sourcecode.c.h; lineEnding = 0; path = MediaController.h; sourceTree = "<group>"; xcLanguageSpecificationIdentifier = xcode.lang.objcpp; };
		51E1BF2A1A5DD7A4007D8A56 /* MediaController.m */ = {isa = PBXFileReference; fileEncoding = 4; lastKnownFileType = sourcecode.c.objc; path = MediaController.m; sourceTree = "<group>"; };
		51E219DB193B2D190066D915 /* Storyboard.storyboard */ = {isa = PBXFileReference; fileEncoding = 4; lastKnownFileType = file.storyboard; path = Storyboard.storyboard; sourceTree = "<group>"; };
		51E5BE1E1936A982003E45C3 /* Hologram.app */ = {isa = PBXFileReference; explicitFileType = wrapper.application; includeInIndex = 0; path = Hologram.app; sourceTree = BUILT_PRODUCTS_DIR; };
		51E5BE211936A982003E45C3 /* Foundation.framework */ = {isa = PBXFileReference; lastKnownFileType = wrapper.framework; name = Foundation.framework; path = System/Library/Frameworks/Foundation.framework; sourceTree = SDKROOT; };
		51E5BE231936A982003E45C3 /* CoreGraphics.framework */ = {isa = PBXFileReference; lastKnownFileType = wrapper.framework; name = CoreGraphics.framework; path = System/Library/Frameworks/CoreGraphics.framework; sourceTree = SDKROOT; };
		51E5BE251936A982003E45C3 /* UIKit.framework */ = {isa = PBXFileReference; lastKnownFileType = wrapper.framework; name = UIKit.framework; path = System/Library/Frameworks/UIKit.framework; sourceTree = SDKROOT; };
		51E5BE2B1936A982003E45C3 /* en */ = {isa = PBXFileReference; lastKnownFileType = text.plist.strings; name = en; path = en.lproj/InfoPlist.strings; sourceTree = "<group>"; };
		51E5BE2D1936A982003E45C3 /* main.m */ = {isa = PBXFileReference; lastKnownFileType = sourcecode.c.objc; path = main.m; sourceTree = "<group>"; };
		51E5BE2F1936A982003E45C3 /* Hologram-Prefix.pch */ = {isa = PBXFileReference; lastKnownFileType = sourcecode.c.h; path = "Hologram-Prefix.pch"; sourceTree = "<group>"; };
		51E5BE301936A982003E45C3 /* MJPAppDelegate.h */ = {isa = PBXFileReference; lastKnownFileType = sourcecode.c.h; path = MJPAppDelegate.h; sourceTree = "<group>"; };
		51E5BE311936A982003E45C3 /* MJPAppDelegate.m */ = {isa = PBXFileReference; lastKnownFileType = sourcecode.c.objc; path = MJPAppDelegate.m; sourceTree = "<group>"; };
		51E5BE331936A982003E45C3 /* Images.xcassets */ = {isa = PBXFileReference; lastKnownFileType = folder.assetcatalog; path = Images.xcassets; sourceTree = "<group>"; };
		51E5BE421936A982003E45C3 /* HologramTests-Info.plist */ = {isa = PBXFileReference; lastKnownFileType = text.plist.xml; path = "HologramTests-Info.plist"; sourceTree = "<group>"; };
		51E5BE441936A982003E45C3 /* en */ = {isa = PBXFileReference; lastKnownFileType = text.plist.strings; name = en; path = en.lproj/InfoPlist.strings; sourceTree = "<group>"; };
		51E5BE461936A982003E45C3 /* MyFirstApplicationTests.m */ = {isa = PBXFileReference; lastKnownFileType = sourcecode.c.objc; path = MyFirstApplicationTests.m; sourceTree = "<group>"; };
		51E5BE7F1ABD03FD003E035C /* EncodingPipe.h */ = {isa = PBXFileReference; fileEncoding = 4; lastKnownFileType = sourcecode.c.h; path = EncodingPipe.h; sourceTree = "<group>"; };
		51E5BE801ABD03FD003E035C /* EncodingPipe.m */ = {isa = PBXFileReference; fileEncoding = 4; lastKnownFileType = sourcecode.c.objc; path = EncodingPipe.m; sourceTree = "<group>"; };
		51E5BE821ABD0450003E035C /* DecodingPipe.h */ = {isa = PBXFileReference; fileEncoding = 4; lastKnownFileType = sourcecode.c.h; path = DecodingPipe.h; sourceTree = "<group>"; };
		51E5BE831ABD0450003E035C /* DecodingPipe.m */ = {isa = PBXFileReference; fileEncoding = 4; lastKnownFileType = sourcecode.c.objc; path = DecodingPipe.m; sourceTree = "<group>"; };
		51E8889F1A597585005F8825 /* Signal.h */ = {isa = PBXFileReference; fileEncoding = 4; lastKnownFileType = sourcecode.c.h; path = Signal.h; sourceTree = "<group>"; };
		51E888A01A597585005F8825 /* Signal.m */ = {isa = PBXFileReference; fileEncoding = 4; lastKnownFileType = sourcecode.c.objc; path = Signal.m; sourceTree = "<group>"; };
		51F449E71C8B292B003D7651 /* CoreAudio.framework */ = {isa = PBXFileReference; lastKnownFileType = wrapper.framework; name = CoreAudio.framework; path = System/Library/Frameworks/CoreAudio.framework; sourceTree = SDKROOT; };
		51F449E81C8B292B003D7651 /* CoreAudioKit.framework */ = {isa = PBXFileReference; lastKnownFileType = wrapper.framework; name = CoreAudioKit.framework; path = System/Library/Frameworks/CoreAudioKit.framework; sourceTree = SDKROOT; };
		51FBE0421AF66AF3009115AE /* ActivityMonitor.h */ = {isa = PBXFileReference; fileEncoding = 4; lastKnownFileType = sourcecode.c.h; path = ActivityMonitor.h; sourceTree = "<group>"; };
		51FBE0431AF66AF3009115AE /* ActivityMonitor.m */ = {isa = PBXFileReference; fileEncoding = 4; lastKnownFileType = sourcecode.c.objc; path = ActivityMonitor.m; sourceTree = "<group>"; };
		51FE7E0A1B3C85EF00FF27F3 /* ConnectionGovernorNatPunchthrough.h */ = {isa = PBXFileReference; fileEncoding = 4; lastKnownFileType = sourcecode.c.h; path = ConnectionGovernorNatPunchthrough.h; sourceTree = "<group>"; };
		51FE7E0B1B3C85EF00FF27F3 /* ConnectionGovernorNatPunchthrough.m */ = {isa = PBXFileReference; fileEncoding = 4; lastKnownFileType = sourcecode.c.objc; path = ConnectionGovernorNatPunchthrough.m; sourceTree = "<group>"; };
		51FF00511B52E54100D6AF33 /* SocialState.h */ = {isa = PBXFileReference; fileEncoding = 4; lastKnownFileType = sourcecode.c.h; path = SocialState.h; sourceTree = "<group>"; };
		51FF00521B52E54100D6AF33 /* SocialState.m */ = {isa = PBXFileReference; fileEncoding = 4; lastKnownFileType = sourcecode.c.objc; path = SocialState.m; sourceTree = "<group>"; };
		5E6EBF7A13F99820B1F30A4E /* Pods-Hologram.release.xcconfig */ = {isa = PBXFileReference; includeInIndex = 1; lastKnownFileType = text.xcconfig; name = "Pods-Hologram.release.xcconfig"; path = "Pods/Target Support Files/Pods-Hologram/Pods-Hologram.release.xcconfig"; sourceTree = "<group>"; };
		D5D610127115D2A30BBB7970 /* AudioUnitHelpers.h */ = {isa = PBXFileReference; fileEncoding = 4; lastKnownFileType = sourcecode.c.h; path = AudioUnitHelpers.h; sourceTree = "<group>"; };
		D5D61030BA4D3A5A22FB2B3A /* IPV6Resolver.h */ = {isa = PBXFileReference; fileEncoding = 4; lastKnownFileType = sourcecode.c.h; path = IPV6Resolver.h; sourceTree = "<group>"; };
		D5D610546CB5BFA2EC52AFD5 /* Threading.m */ = {isa = PBXFileReference; fileEncoding = 4; lastKnownFileType = sourcecode.c.objc; path = Threading.m; sourceTree = "<group>"; };
		D5D6108001322A018089175D /* Payments.h */ = {isa = PBXFileReference; fileEncoding = 4; lastKnownFileType = sourcecode.c.h; path = Payments.h; sourceTree = "<group>"; };
		D5D610A89DF4541DD9D12B97 /* CustomNavigationController.h */ = {isa = PBXFileReference; fileEncoding = 4; lastKnownFileType = sourcecode.c.h; path = CustomNavigationController.h; sourceTree = "<group>"; };
		D5D610E12A112D4FC0462DE1 /* SequenceDecodingPipe.h */ = {isa = PBXFileReference; fileEncoding = 4; lastKnownFileType = sourcecode.c.h; path = SequenceDecodingPipe.h; sourceTree = "<group>"; };
		D5D61109DD409D89A9B6D01A /* DelayedPipe.m */ = {isa = PBXFileReference; fileEncoding = 4; lastKnownFileType = sourcecode.c.objc; path = DelayedPipe.m; sourceTree = "<group>"; };
		D5D6111A027A5BE9BECAA5C2 /* DnsResolver.h */ = {isa = PBXFileReference; fileEncoding = 4; lastKnownFileType = sourcecode.c.h; path = DnsResolver.h; sourceTree = "<group>"; };
		D5D6114D7017CFB660E7BE53 /* TimedCounterLogging.m */ = {isa = PBXFileReference; fileEncoding = 4; lastKnownFileType = sourcecode.c.objc; path = TimedCounterLogging.m; sourceTree = "<group>"; };
		D5D6115F8DB92DD47B712964 /* FacebookSharedViewController.h */ = {isa = PBXFileReference; fileEncoding = 4; lastKnownFileType = sourcecode.c.h; path = FacebookSharedViewController.h; sourceTree = "<group>"; };
		D5D611C93EBE4BF3E3DE1D08 /* BanPaymentsViewController.m */ = {isa = PBXFileReference; fileEncoding = 4; lastKnownFileType = sourcecode.c.objc; path = BanPaymentsViewController.m; sourceTree = "<group>"; };
		D5D61207BC64C4E6C3132C20 /* AudioGraph.m */ = {isa = PBXFileReference; fileEncoding = 4; lastKnownFileType = sourcecode.c.objc; path = AudioGraph.m; sourceTree = "<group>"; };
		D5D61251762F6DA462F666E0 /* ReadWriteLock.h */ = {isa = PBXFileReference; fileEncoding = 4; lastKnownFileType = sourcecode.c.h; path = ReadWriteLock.h; sourceTree = "<group>"; };
		D5D612C8E5F02C628B3B7961 /* VideoCompression.h */ = {isa = PBXFileReference; fileEncoding = 4; lastKnownFileType = sourcecode.c.h; path = VideoCompression.h; sourceTree = "<group>"; };
		D5D612CDFF7D57CACE8B1BE6 /* AccessDialog.h */ = {isa = PBXFileReference; fileEncoding = 4; lastKnownFileType = sourcecode.c.h; path = AccessDialog.h; sourceTree = "<group>"; };
		D5D612FF79799E7D6233D2E9 /* BannedViewController.h */ = {isa = PBXFileReference; fileEncoding = 4; lastKnownFileType = sourcecode.c.h; path = BannedViewController.h; sourceTree = "<group>"; };
		D5D6133CC60B37AAACCADD40 /* VideoCompression.m */ = {isa = PBXFileReference; fileEncoding = 4; lastKnownFileType = sourcecode.c.objc; path = VideoCompression.m; sourceTree = "<group>"; };
		D5D61344A3DA20E707951D3E /* TimedCounter.h */ = {isa = PBXFileReference; fileEncoding = 4; lastKnownFileType = sourcecode.c.h; path = TimedCounter.h; sourceTree = "<group>"; };
		D5D61361F43525D3DF93DCE0 /* Orientation.m */ = {isa = PBXFileReference; fileEncoding = 4; lastKnownFileType = sourcecode.c.objc; path = Orientation.m; sourceTree = "<group>"; };
		D5D613E4FBE39B0477D98486 /* TimedGapEventTracker.h */ = {isa = PBXFileReference; fileEncoding = 4; lastKnownFileType = sourcecode.c.h; path = TimedGapEventTracker.h; sourceTree = "<group>"; };
		D5D614114FF48DB005807969 /* VideoShared.m */ = {isa = PBXFileReference; fileEncoding = 4; lastKnownFileType = sourcecode.c.objc; path = VideoShared.m; sourceTree = "<group>"; };
		D5D61422E8EE480CC5AAEF87 /* AudioSessionInteractions.m */ = {isa = PBXFileReference; fileEncoding = 4; lastKnownFileType = sourcecode.c.objc; path = AudioSessionInteractions.m; sourceTree = "<group>"; };
		D5D6142C892CC20B2A5702AB /* VIdeoEncoding.m */ = {isa = PBXFileReference; fileEncoding = 4; lastKnownFileType = sourcecode.c.objc; path = VIdeoEncoding.m; sourceTree = "<group>"; };
		D5D61453B416B66B682A844C /* SoundEncodingShared.m */ = {isa = PBXFileReference; fileEncoding = 4; lastKnownFileType = sourcecode.c.objc; path = SoundEncodingShared.m; sourceTree = "<group>"; };
		D5D614574A26A6FB6BB7F913 /* AudioGraph.h */ = {isa = PBXFileReference; fileEncoding = 4; lastKnownFileType = sourcecode.c.h; path = AudioGraph.h; sourceTree = "<group>"; };
		D5D614C41CD23AF45D1CA842 /* FacebookSharedViewController.m */ = {isa = PBXFileReference; fileEncoding = 4; lastKnownFileType = sourcecode.c.objc; path = FacebookSharedViewController.m; sourceTree = "<group>"; };
		D5D6152266A86BEEEF16A5DD /* ReadWriteLock.m */ = {isa = PBXFileReference; fileEncoding = 4; lastKnownFileType = sourcecode.c.objc; path = ReadWriteLock.m; sourceTree = "<group>"; };
		D5D6153226E3E1A425BAF293 /* DelayedPipe.h */ = {isa = PBXFileReference; fileEncoding = 4; lastKnownFileType = sourcecode.c.h; path = DelayedPipe.h; sourceTree = "<group>"; };
		D5D615BDBC1FD01C40CEEF84 /* AudioCompression.h */ = {isa = PBXFileReference; fileEncoding = 4; lastKnownFileType = sourcecode.c.h; path = AudioCompression.h; sourceTree = "<group>"; };
		D5D615E2A5F1E15DC186FC94 /* BatchSizeGenerator.h */ = {isa = PBXFileReference; fileEncoding = 4; lastKnownFileType = sourcecode.c.h; path = BatchSizeGenerator.h; sourceTree = "<group>"; };
		D5D615E7302D6D8F19FB32D1 /* BlockingQueueTemporal.h */ = {isa = PBXFileReference; fileEncoding = 4; lastKnownFileType = sourcecode.c.h; path = BlockingQueueTemporal.h; sourceTree = "<group>"; };
		D5D615F63C69FA0011332EF8 /* AverageTracker.m */ = {isa = PBXFileReference; fileEncoding = 4; lastKnownFileType = sourcecode.c.objc; path = AverageTracker.m; sourceTree = "<group>"; };
		D5D6164D3A71EE25A47432E8 /* BlockingQueueTemporal.m */ = {isa = PBXFileReference; fileEncoding = 4; lastKnownFileType = sourcecode.c.objc; path = BlockingQueueTemporal.m; sourceTree = "<group>"; };
		D5D6164EA8372CB5753B9B4D /* AudioSessionInteractions.h */ = {isa = PBXFileReference; fileEncoding = 4; lastKnownFileType = sourcecode.c.h; path = AudioSessionInteractions.h; sourceTree = "<group>"; };
		D5D616646ABDADCE4F01A9DA /* Random.h */ = {isa = PBXFileReference; fileEncoding = 4; lastKnownFileType = sourcecode.c.h; path = Random.h; sourceTree = "<group>"; };
		D5D616DDC50392E321D8B26A /* TimedCounterLogging.h */ = {isa = PBXFileReference; fileEncoding = 4; lastKnownFileType = sourcecode.c.h; path = TimedCounterLogging.h; sourceTree = "<group>"; };
		D5D616F4004A03BFE96D87B5 /* AverageTrackerLimitedSize.h */ = {isa = PBXFileReference; fileEncoding = 4; lastKnownFileType = sourcecode.c.h; path = AverageTrackerLimitedSize.h; sourceTree = "<group>"; };
		D5D617E1AB2467E773411B25 /* MediaShared.h */ = {isa = PBXFileReference; fileEncoding = 4; lastKnownFileType = sourcecode.c.h; path = MediaShared.h; sourceTree = "<group>"; };
		D5D61829DC4A7512B689E307 /* BatchSizeGeneratorTest.m */ = {isa = PBXFileReference; fileEncoding = 4; lastKnownFileType = sourcecode.c.objc; path = BatchSizeGeneratorTest.m; sourceTree = "<group>"; };
		D5D61836CE9E34E7AFC359A6 /* TimedCounter.m */ = {isa = PBXFileReference; fileEncoding = 4; lastKnownFileType = sourcecode.c.objc; path = TimedCounter.m; sourceTree = "<group>"; };
		D5D618CA3E0E47943592842C /* AverageTrackerLimitedSize.m */ = {isa = PBXFileReference; fileEncoding = 4; lastKnownFileType = sourcecode.c.objc; path = AverageTrackerLimitedSize.m; sourceTree = "<group>"; };
		D5D618DEAA6848DAB2BE2ADC /* Analytics.m */ = {isa = PBXFileReference; fileEncoding = 4; lastKnownFileType = sourcecode.c.objc; path = Analytics.m; sourceTree = "<group>"; };
		D5D619128899048FAEF6B7A4 /* Analytics.h */ = {isa = PBXFileReference; fileEncoding = 4; lastKnownFileType = sourcecode.c.h; path = Analytics.h; sourceTree = "<group>"; };
		D5D61923E1F12385A8AA014E /* ViewInteractions.h */ = {isa = PBXFileReference; fileEncoding = 4; lastKnownFileType = sourcecode.c.h; path = ViewInteractions.h; sourceTree = "<group>"; };
		D5D61997A14B045AD675F65F /* VideoShared.h */ = {isa = PBXFileReference; fileEncoding = 4; lastKnownFileType = sourcecode.c.h; path = VideoShared.h; sourceTree = "<group>"; };
		D5D619B9B74C7F1DF1AAC7AB /* TimedGapEventTracker.m */ = {isa = PBXFileReference; fileEncoding = 4; lastKnownFileType = sourcecode.c.objc; path = TimedGapEventTracker.m; sourceTree = "<group>"; };
		D5D619F285D829AA2D54CF3A /* SoundEncodingShared.h */ = {isa = PBXFileReference; fileEncoding = 4; lastKnownFileType = sourcecode.c.h; path = SoundEncodingShared.h; sourceTree = "<group>"; };
		D5D61A4F18629E7753844010 /* SequenceDecodingPipe.m */ = {isa = PBXFileReference; fileEncoding = 4; lastKnownFileType = sourcecode.c.objc; path = SequenceDecodingPipe.m; sourceTree = "<group>"; };
		D5D61A4F9D149A8AC2058446 /* BanPaymentsViewController.h */ = {isa = PBXFileReference; fileEncoding = 4; lastKnownFileType = sourcecode.c.h; path = BanPaymentsViewController.h; sourceTree = "<group>"; };
		D5D61A6B1DCCCED8F72F6EFD /* Orientation.h */ = {isa = PBXFileReference; fileEncoding = 4; lastKnownFileType = sourcecode.c.h; path = Orientation.h; sourceTree = "<group>"; };
		D5D61A72597479299B065AE4 /* CustomNavigationController.m */ = {isa = PBXFileReference; fileEncoding = 4; lastKnownFileType = sourcecode.c.objc; path = CustomNavigationController.m; sourceTree = "<group>"; };
		D5D61A8DAF794BA61B97B9A4 /* AudioCompression.m */ = {isa = PBXFileReference; fileEncoding = 4; lastKnownFileType = sourcecode.c.objc; path = AudioCompression.m; sourceTree = "<group>"; };
		D5D61A9D2F7039076A85F3A0 /* AverageTracker.h */ = {isa = PBXFileReference; fileEncoding = 4; lastKnownFileType = sourcecode.c.h; path = AverageTracker.h; sourceTree = "<group>"; };
		D5D61AAC5191B35D5EB35D56 /* AudioShared.h */ = {isa = PBXFileReference; fileEncoding = 4; lastKnownFileType = sourcecode.c.h; path = AudioShared.h; sourceTree = "<group>"; };
		D5D61ACAA18C40334DAAB46A /* TimedMinMaxTracker.h */ = {isa = PBXFileReference; fileEncoding = 4; lastKnownFileType = sourcecode.c.h; path = TimedMinMaxTracker.h; sourceTree = "<group>"; };
		D5D61AFC38BFDD751F10C1A5 /* VIdeoEncoding.h */ = {isa = PBXFileReference; fileEncoding = 4; lastKnownFileType = sourcecode.c.h; path = VIdeoEncoding.h; sourceTree = "<group>"; };
		D5D61B2954C519324141BCE0 /* AudioShared.m */ = {isa = PBXFileReference; fileEncoding = 4; lastKnownFileType = sourcecode.c.objc; path = AudioShared.m; sourceTree = "<group>"; };
		D5D61BBEC1CD98FCE065A176 /* SequenceEncodingPipe.m */ = {isa = PBXFileReference; fileEncoding = 4; lastKnownFileType = sourcecode.c.objc; path = SequenceEncodingPipe.m; sourceTree = "<group>"; };
		D5D61BCFDFFC217775E41C2D /* BannedViewController.m */ = {isa = PBXFileReference; fileEncoding = 4; lastKnownFileType = sourcecode.c.objc; path = BannedViewController.m; sourceTree = "<group>"; };
		D5D61C57CA825622E4A41B53 /* SequenceEncodingPipe.h */ = {isa = PBXFileReference; fileEncoding = 4; lastKnownFileType = sourcecode.c.h; path = SequenceEncodingPipe.h; sourceTree = "<group>"; };
		D5D61CB954B6907CFECD0082 /* Payments.m */ = {isa = PBXFileReference; fileEncoding = 4; lastKnownFileType = sourcecode.c.objc; path = Payments.m; sourceTree = "<group>"; };
		D5D61D42394687AAC5C21FB8 /* AudioUnitHelpers.m */ = {isa = PBXFileReference; fileEncoding = 4; lastKnownFileType = sourcecode.c.objc; path = AudioUnitHelpers.m; sourceTree = "<group>"; };
		D5D61D7435CE35550C2AB293 /* AccessDialog.m */ = {isa = PBXFileReference; fileEncoding = 4; lastKnownFileType = sourcecode.c.objc; path = AccessDialog.m; sourceTree = "<group>"; };
		D5D61DA3C9FA2DFD20EDDA21 /* TimedMinMaxTracker.m */ = {isa = PBXFileReference; fileEncoding = 4; lastKnownFileType = sourcecode.c.objc; path = TimedMinMaxTracker.m; sourceTree = "<group>"; };
		D5D61DCE61D1A8B9C8957FE1 /* Threading.h */ = {isa = PBXFileReference; fileEncoding = 4; lastKnownFileType = sourcecode.c.h; path = Threading.h; sourceTree = "<group>"; };
		D5D61E1702DA62D0167A5510 /* ViewInteractions.m */ = {isa = PBXFileReference; fileEncoding = 4; lastKnownFileType = sourcecode.c.objc; path = ViewInteractions.m; sourceTree = "<group>"; };
		D5D61F3CFD2F73472D349475 /* DnsResolver.m */ = {isa = PBXFileReference; fileEncoding = 4; lastKnownFileType = sourcecode.c.objc; path = DnsResolver.m; sourceTree = "<group>"; };
		D5D61F718A9D6D0D34F4AE30 /* AudioPcmConversion.h */ = {isa = PBXFileReference; fileEncoding = 4; lastKnownFileType = sourcecode.c.h; path = AudioPcmConversion.h; sourceTree = "<group>"; };
		D5D61F936E4BD471748152DB /* Random.m */ = {isa = PBXFileReference; fileEncoding = 4; lastKnownFileType = sourcecode.c.objc; path = Random.m; sourceTree = "<group>"; };
		D5D61FA430B78B85E9A5F0CC /* IPV6Resolver.m */ = {isa = PBXFileReference; fileEncoding = 4; lastKnownFileType = sourcecode.c.objc; path = IPV6Resolver.m; sourceTree = "<group>"; };
		D5D61FA523774C1B712EA210 /* BatchSizeGenerator.m */ = {isa = PBXFileReference; fileEncoding = 4; lastKnownFileType = sourcecode.c.objc; path = BatchSizeGenerator.m; sourceTree = "<group>"; };
		D5D61FC56AFD47784849F7C2 /* AudioPcmConversion.m */ = {isa = PBXFileReference; fileEncoding = 4; lastKnownFileType = sourcecode.c.objc; path = AudioPcmConversion.m; sourceTree = "<group>"; };
/* End PBXFileReference section */

/* Begin PBXFrameworksBuildPhase section */
		51E5BE1B1936A982003E45C3 /* Frameworks */ = {
			isa = PBXFrameworksBuildPhase;
			buildActionMask = 2147483647;
			files = (
				51993F121D2077C300ACC3BF /* CircleProgressBar.framework in Frameworks */,
				51A8DEC91D04324500171206 /* FBAudienceNetwork.framework in Frameworks */,
				5178E5F21CFE376B00D89AA6 /* libxml2.tbd in Frameworks */,
				5178E5F01CFE366100D89AA6 /* FBSDKShareKit.framework in Frameworks */,
				5178E5ED1CFE354700D89AA6 /* FBSDKCoreKit.framework in Frameworks */,
				5178E5EE1CFE354700D89AA6 /* FBSDKLoginKit.framework in Frameworks */,
				51D103501CF904910038FF15 /* libresolv.tbd in Frameworks */,
				519FFBFC1C6FC9A3002717F0 /* CoreImage.framework in Frameworks */,
				5121B0071C39A045001D3E78 /* libavcodec.a in Frameworks */,
				5121B0081C39A045001D3E78 /* libavdevice.a in Frameworks */,
				5121B0091C39A045001D3E78 /* libavfilter.a in Frameworks */,
				5167DFD41D22F93B005ED9A3 /* StoreKit.framework in Frameworks */,
				5121B00A1C39A045001D3E78 /* libavformat.a in Frameworks */,
				5121B00B1C39A045001D3E78 /* libavutil.a in Frameworks */,
				5121B00C1C39A045001D3E78 /* libpostproc.a in Frameworks */,
				5121B00D1C39A045001D3E78 /* libswresample.a in Frameworks */,
				5121B00E1C39A045001D3E78 /* libswscale.a in Frameworks */,
				5121AFFE1C398637001D3E78 /* libx264.a in Frameworks */,
				5121AFEF1C397448001D3E78 /* libiconv.tbd in Frameworks */,
				5121AFED1C397403001D3E78 /* libbz2.tbd in Frameworks */,
				5121AFEB1C3973B1001D3E78 /* libz.tbd in Frameworks */,
				511E725B1B544484006F8D9A /* CoreLocation.framework in Frameworks */,
				51E5BE241936A982003E45C3 /* CoreGraphics.framework in Frameworks */,
				511EB6601B4B01C7000E287F /* Bolts.framework in Frameworks */,
				51E5BE261936A982003E45C3 /* UIKit.framework in Frameworks */,
				51E5BE221936A982003E45C3 /* Foundation.framework in Frameworks */,
			);
			runOnlyForDeploymentPostprocessing = 0;
		};
/* End PBXFrameworksBuildPhase section */

/* Begin PBXGroup section */
		5103D29F1B55958D00B9593C /* Hologram */ = {
			isa = PBXGroup;
			children = (
				5103D2A01B55960B00B9593C /* HologramLogin.h */,
				5103D2A11B55960B00B9593C /* HologramLogin.m */,
			);
			name = Hologram;
			sourceTree = "<group>";
		};
		511605F71B3EEFAD0071A183 /* Pipeline */ = {
			isa = PBXGroup;
			children = (
				51CE2B921A8ECD9000B8E5B7 /* PipelineProcessor.h */,
				51CE2B931A8ECD9000B8E5B7 /* PipelineProcessor.m */,
				51E5BE7F1ABD03FD003E035C /* EncodingPipe.h */,
				51E5BE801ABD03FD003E035C /* EncodingPipe.m */,
				51E5BE821ABD0450003E035C /* DecodingPipe.h */,
				51E5BE831ABD0450003E035C /* DecodingPipe.m */,
				51197AFB1B134D72006A7AEE /* ThrottledPipe.h */,
				51197AFC1B134D72006A7AEE /* ThrottledPipe.m */,
				D5D61109DD409D89A9B6D01A /* DelayedPipe.m */,
				D5D6153226E3E1A425BAF293 /* DelayedPipe.h */,
				D5D61BBEC1CD98FCE065A176 /* SequenceEncodingPipe.m */,
				D5D61C57CA825622E4A41B53 /* SequenceEncodingPipe.h */,
				D5D61A4F18629E7753844010 /* SequenceDecodingPipe.m */,
				D5D610E12A112D4FC0462DE1 /* SequenceDecodingPipe.h */,
			);
			name = Pipeline;
			sourceTree = "<group>";
		};
		519227E01BAEC49400DC3C53 /* Storyboard */ = {
			isa = PBXGroup;
			children = (
				51DB961919A8EE05001A63F8 /* ConnectionViewController.h */,
				51DB961A19A8EE05001A63F8 /* ConnectionViewController.m */,
				511EB6641B4B0419000E287F /* FacebookLoginViewController.h */,
				511EB6651B4B0419000E287F /* FacebookLoginViewController.m */,
				51E219DB193B2D190066D915 /* Storyboard.storyboard */,
				510F6DF71BA74C1800D2AF48 /* AlertViewController.h */,
				510F6DF81BA74C1800D2AF48 /* AlertViewController.m */,
				D5D61A72597479299B065AE4 /* CustomNavigationController.m */,
				D5D610A89DF4541DD9D12B97 /* CustomNavigationController.h */,
				D5D61361F43525D3DF93DCE0 /* Orientation.m */,
				D5D61A6B1DCCCED8F72F6EFD /* Orientation.h */,
				D5D61E1702DA62D0167A5510 /* ViewInteractions.m */,
				D5D61923E1F12385A8AA014E /* ViewInteractions.h */,
				517C4E761D16D15300E7A185 /* ConversationEndedViewController.h */,
				517C4E771D16D15300E7A185 /* ConversationEndedViewController.m */,
				D5D61BCFDFFC217775E41C2D /* BannedViewController.m */,
				D5D612FF79799E7D6233D2E9 /* BannedViewController.h */,
				D5D611C93EBE4BF3E3DE1D08 /* BanPaymentsViewController.m */,
				D5D61A4F9D149A8AC2058446 /* BanPaymentsViewController.h */,
				D5D614C41CD23AF45D1CA842 /* FacebookSharedViewController.m */,
				D5D6115F8DB92DD47B712964 /* FacebookSharedViewController.h */,
			);
			name = Storyboard;
			sourceTree = "<group>";
		};
		51BDB1471A6F0E2A00E0DA49 /* TCP */ = {
			isa = PBXGroup;
			children = (
				51DB961719A8E3D0001A63F8 /* ConnectionManagerTcp.m */,
				51DB961619A8E3D0001A63F8 /* ConnectionManagerTcp.h */,
				51D584B919AB648000BB6CE6 /* InputSessionTcp.h */,
				51D584BA19AB648000BB6CE6 /* InputSessionTcp.m */,
				51D584BC19AB649500BB6CE6 /* OutputSessionTcp.h */,
				51D584BD19AB649500BB6CE6 /* OutputSessionTcp.m */,
			);
			name = TCP;
			sourceTree = "<group>";
		};
		51BDB1481A6F0E3A00E0DA49 /* UDP */ = {
			isa = PBXGroup;
			children = (
				51C3F13D1A6C4388004040BB /* ConnectionManagerUdp.h */,
				51C3F13E1A6C4388004040BB /* ConnectionManagerUdp.m */,
			);
			name = UDP;
			sourceTree = "<group>";
		};
		51BDB14C1A6F0E8E00E0DA49 /* Base */ = {
			isa = PBXGroup;
			children = (
				51D584BF19AB7A9400BB6CE6 /* ByteBuffer.h */,
				51D584C019AB7A9400BB6CE6 /* ByteBuffer.m */,
				51BDB1491A6F0E7E00E0DA49 /* InputSessionBase.h */,
				51BDB14D1A6F121400E0DA49 /* ConnectionManagerBase.h */,
				511605F31B3EBE5D0071A183 /* NetworkUtility.h */,
				511605F41B3EBE5D0071A183 /* NetworkUtility.m */,
			);
			name = Base;
			sourceTree = "<group>";
		};
		51CE2B911A8ECD6B00B8E5B7 /* Batching */ = {
			isa = PBXGroup;
			children = (
				51D87CB01A8F7C1A00CE919E /* BatcherInput.h */,
				51D87CB11A8F7C1B00CE919E /* BatcherInput.m */,
				51D87CB31A8F7C3000CE919E /* BatcherOutput.h */,
				51D87CB41A8F7C3000CE919E /* BatcherOutput.m */,
				51C18D291A9A3882000C42A8 /* Batch.h */,
				51C18D2A1A9A3882000C42A8 /* Batch.m */,
				D5D61FA523774C1B712EA210 /* BatchSizeGenerator.m */,
				D5D615E2A5F1E15DC186FC94 /* BatchSizeGenerator.h */,
			);
			name = Batching;
			sourceTree = "<group>";
		};
		51D584B819AB63FB00BB6CE6 /* Networking */ = {
			isa = PBXGroup;
			children = (
				5103D29F1B55958D00B9593C /* Hologram */,
				511605F71B3EEFAD0071A183 /* Pipeline */,
				51CE2B911A8ECD6B00B8E5B7 /* Batching */,
				51E1BF281A5DD5C0007D8A56 /* Protocol */,
				51E1BF271A5DD5A6007D8A56 /* Generic */,
			);
			name = Networking;
			sourceTree = "<group>";
		};
		51E1BF271A5DD5A6007D8A56 /* Generic */ = {
			isa = PBXGroup;
			children = (
				51BDB14C1A6F0E8E00E0DA49 /* Base */,
				51BDB1481A6F0E3A00E0DA49 /* UDP */,
				51BDB1471A6F0E2A00E0DA49 /* TCP */,
				D5D61C25E77C1EF6435CAE2D /* DNS */,
			);
			name = Generic;
			sourceTree = "<group>";
		};
		51E1BF281A5DD5C0007D8A56 /* Protocol */ = {
			isa = PBXGroup;
			children = (
				511605F61B3EEF8C0071A183 /* ConnectionGovernor.h */,
				511949331B3FFF8F00314436 /* ConnectionGovernor.m */,
				51E1BF291A5DD7A4007D8A56 /* MediaController.h */,
				51E1BF2A1A5DD7A4007D8A56 /* MediaController.m */,
				51BF42521A750CDB00C16F9A /* ConnectionGovernorProtocol.h */,
				51BF42531A750CDB00C16F9A /* ConnectionGovernorProtocol.m */,
				51197B011B136CC3006A7AEE /* VideoOutputController.h */,
				51197B021B136CC3006A7AEE /* VideoOutputController.m */,
				51197B041B137468006A7AEE /* NetworkOperations.h */,
				51FE7E0A1B3C85EF00FF27F3 /* ConnectionGovernorNatPunchthrough.h */,
				51FE7E0B1B3C85EF00FF27F3 /* ConnectionGovernorNatPunchthrough.m */,
				51260FD21B47F60F001DE2B3 /* ConnectionCommander.h */,
				51260FD31B47F60F001DE2B3 /* ConnectionCommander.m */,
				5103D29C1B5594F200B9593C /* LoginProvider.h */,
			);
			name = Protocol;
			sourceTree = "<group>";
		};
		51E5BE151936A982003E45C3 = {
			isa = PBXGroup;
			children = (
				51E5BE271936A982003E45C3 /* MyFirstApplication */,
				51E5BE401936A982003E45C3 /* MyFirstApplicationTests */,
				51E5BE201936A982003E45C3 /* Frameworks */,
				51E5BE1F1936A982003E45C3 /* Products */,
				C98EEF18C1864391F15A11DA /* Pods */,
			);
			sourceTree = "<group>";
		};
		51E5BE1F1936A982003E45C3 /* Products */ = {
			isa = PBXGroup;
			children = (
				51E5BE1E1936A982003E45C3 /* Hologram.app */,
			);
			name = Products;
			sourceTree = "<group>";
		};
		51E5BE201936A982003E45C3 /* Frameworks */ = {
			isa = PBXGroup;
			children = (
				5167DFD31D22F93B005ED9A3 /* StoreKit.framework */,
				51993F111D2077C300ACC3BF /* CircleProgressBar.framework */,
				51A8DEC81D04324500171206 /* FBAudienceNetwork.framework */,
				5178E5F11CFE376B00D89AA6 /* libxml2.tbd */,
				5178E5EF1CFE366100D89AA6 /* FBSDKShareKit.framework */,
				5178E5EB1CFE354700D89AA6 /* FBSDKCoreKit.framework */,
				5178E5EC1CFE354700D89AA6 /* FBSDKLoginKit.framework */,
				51D1034F1CF904910038FF15 /* libresolv.tbd */,
				51F449E71C8B292B003D7651 /* CoreAudio.framework */,
				51F449E81C8B292B003D7651 /* CoreAudioKit.framework */,
				519FFBFB1C6FC9A3002717F0 /* CoreImage.framework */,
				51BE77711C53EEF100492336 /* XCTest.framework */,
				5121AFFF1C39A045001D3E78 /* libavcodec.a */,
				5121B0001C39A045001D3E78 /* libavdevice.a */,
				5121B0011C39A045001D3E78 /* libavfilter.a */,
				5121B0021C39A045001D3E78 /* libavformat.a */,
				5121B0031C39A045001D3E78 /* libavutil.a */,
				5121B0041C39A045001D3E78 /* libpostproc.a */,
				5121B0051C39A045001D3E78 /* libswresample.a */,
				5121B0061C39A045001D3E78 /* libswscale.a */,
				5121AFF81C398369001D3E78 /* libx264.a */,
				5121AFEE1C397448001D3E78 /* libiconv.tbd */,
				5121AFEC1C397403001D3E78 /* libbz2.tbd */,
				5121AFEA1C3973B1001D3E78 /* libz.tbd */,
				5121AFD71C395585001D3E78 /* libavcodec.a */,
				5121AFD81C395585001D3E78 /* libavdevice.a */,
				5121AFD91C395585001D3E78 /* libavfilter.a */,
				5121AFDA1C395585001D3E78 /* libavformat.a */,
				5121AFDB1C395585001D3E78 /* libavutil.a */,
				5121AFDC1C395585001D3E78 /* libswresample.a */,
				5121AFDD1C395585001D3E78 /* libswscale.a */,
				511E725C1B544497006F8D9A /* CoreLocation.framework */,
				511EB65C1B4B01C7000E287F /* Bolts.framework */,
				511EB65D1B4B01C7000E287F /* FacebookSDKStrings.bundle */,
				511EB65E1B4B01C7000E287F /* FBAudienceNetwork.framework */,
				511EB65F1B4B01C7000E287F /* FBSDKShareKit.framework */,
				511EB6581B4AFE0D000E287F /* FBSDKCoreKit.framework */,
				511EB6591B4AFE0D000E287F /* FBSDKLoginKit.framework */,
				5109583A1BB32C5800319FA9 /* iAd.framework */,
				511E725A1B544484006F8D9A /* CoreLocation.framework */,
				51E5BE211936A982003E45C3 /* Foundation.framework */,
				51E5BE231936A982003E45C3 /* CoreGraphics.framework */,
				51E5BE251936A982003E45C3 /* UIKit.framework */,
				5121AFE81C395A37001D3E78 /* include */,
			);
			name = Frameworks;
			sourceTree = "<group>";
		};
		51E5BE271936A982003E45C3 /* MyFirstApplication */ = {
			isa = PBXGroup;
			children = (
				51E5BE301936A982003E45C3 /* MJPAppDelegate.h */,
				51E5BE311936A982003E45C3 /* MJPAppDelegate.m */,
				51E5BE331936A982003E45C3 /* Images.xcassets */,
				51E5BE281936A982003E45C3 /* Supporting Files */,
			);
			path = MyFirstApplication;
			sourceTree = "<group>";
		};
		51E5BE281936A982003E45C3 /* Supporting Files */ = {
			isa = PBXGroup;
			children = (
				519227E01BAEC49400DC3C53 /* Storyboard */,
				51FF00501B52E52000D6AF33 /* UserState */,
				51E888A21A59DF8F005F8825 /* Media */,
				51E8889E1A59755D005F8825 /* Util */,
				51D584B819AB63FB00BB6CE6 /* Networking */,
				51E5BE2A1936A982003E45C3 /* InfoPlist.strings */,
				511669F51CF3A8D100E561DF /* GoogleService-Info.plist */,
				519FFBF91C6FB466002717F0 /* Hologram-Info.plist */,
				51E5BE2D1936A982003E45C3 /* main.m */,
				51E5BE2F1936A982003E45C3 /* Hologram-Prefix.pch */,
				D5D619769BA5FC59B1E52A0E /* Analytics */,
				D5D61A4EA923D8D784C1886D /* Payments */,
			);
			name = "Supporting Files";
			sourceTree = "<group>";
		};
		51E5BE401936A982003E45C3 /* MyFirstApplicationTests */ = {
			isa = PBXGroup;
			children = (
				51E5BE461936A982003E45C3 /* MyFirstApplicationTests.m */,
				51E5BE411936A982003E45C3 /* Supporting Files */,
			);
			path = MyFirstApplicationTests;
			sourceTree = "<group>";
		};
		51E5BE411936A982003E45C3 /* Supporting Files */ = {
			isa = PBXGroup;
			children = (
				51BE778B1C5402C900492336 /* BatchingTest.m */,
				51E5BE421936A982003E45C3 /* HologramTests-Info.plist */,
				51E5BE431936A982003E45C3 /* InfoPlist.strings */,
				51D584C219AB8B1D00BB6CE6 /* ByteBufferTest.m */,
				D5D61829DC4A7512B689E307 /* BatchSizeGeneratorTest.m */,
			);
			name = "Supporting Files";
			sourceTree = "<group>";
		};
		51E8889E1A59755D005F8825 /* Util */ = {
			isa = PBXGroup;
			children = (
				51FBE0421AF66AF3009115AE /* ActivityMonitor.h */,
				51FBE0431AF66AF3009115AE /* ActivityMonitor.m */,
				51E8889F1A597585005F8825 /* Signal.h */,
				51E888A01A597585005F8825 /* Signal.m */,
				51C263891AB45CE400285C6E /* BlockingQueue.h */,
				51C2638A1AB45CE400285C6E /* BlockingQueue.m */,
				519573021AEBEB26000247E1 /* EventTracker.h */,
				519573031AEBEB26000247E1 /* EventTracker.m */,
				51197AF81B132D6F006A7AEE /* Timer.h */,
				51197AF91B132D6F006A7AEE /* Timer.m */,
				51197AFE1B1350B1006A7AEE /* ThrottledBlock.h */,
				51197AFF1B1350B1006A7AEE /* ThrottledBlock.m */,
				51197B051B13AAAD006A7AEE /* TimedEventTracker.h */,
				51197B061B13AAAD006A7AEE /* TimedEventTracker.m */,
				D5D619B9B74C7F1DF1AAC7AB /* TimedGapEventTracker.m */,
				D5D613E4FBE39B0477D98486 /* TimedGapEventTracker.h */,
				D5D615F63C69FA0011332EF8 /* AverageTracker.m */,
				D5D61A9D2F7039076A85F3A0 /* AverageTracker.h */,
				D5D610546CB5BFA2EC52AFD5 /* Threading.m */,
				D5D61DCE61D1A8B9C8957FE1 /* Threading.h */,
				D5D612CDFF7D57CACE8B1BE6 /* AccessDialog.h */,
				D5D61D7435CE35550C2AB293 /* AccessDialog.m */,
				D5D61836CE9E34E7AFC359A6 /* TimedCounter.m */,
				D5D61344A3DA20E707951D3E /* TimedCounter.h */,
				D5D6114D7017CFB660E7BE53 /* TimedCounterLogging.m */,
				D5D616DDC50392E321D8B26A /* TimedCounterLogging.h */,
				D5D6164D3A71EE25A47432E8 /* BlockingQueueTemporal.m */,
				D5D615E7302D6D8F19FB32D1 /* BlockingQueueTemporal.h */,
				D5D61DA3C9FA2DFD20EDDA21 /* TimedMinMaxTracker.m */,
				D5D61ACAA18C40334DAAB46A /* TimedMinMaxTracker.h */,
				D5D616F4004A03BFE96D87B5 /* AverageTrackerLimitedSize.h */,
				D5D618CA3E0E47943592842C /* AverageTrackerLimitedSize.m */,
				D5D6152266A86BEEEF16A5DD /* ReadWriteLock.m */,
				D5D61251762F6DA462F666E0 /* ReadWriteLock.h */,
				D5D61F936E4BD471748152DB /* Random.m */,
				D5D616646ABDADCE4F01A9DA /* Random.h */,
			);
			name = Util;
			sourceTree = "<group>";
		};
		51E888A21A59DF8F005F8825 /* Media */ = {
			isa = PBXGroup;
			children = (
				D5D617E1AB2467E773411B25 /* MediaShared.h */,
				D5D61D51903207D5F1122FF9 /* Audio */,
				D5D615A86A53393DAA54F301 /* Video */,
			);
			name = Media;
			sourceTree = "<group>";
		};
		51FF00501B52E52000D6AF33 /* UserState */ = {
			isa = PBXGroup;
			children = (
				51FF00511B52E54100D6AF33 /* SocialState.h */,
				51FF00521B52E54100D6AF33 /* SocialState.m */,
				511E725E1B5444CA006F8D9A /* GpsState.h */,
				511E725F1B5444CA006F8D9A /* GpsState.m */,
			);
			name = UserState;
			sourceTree = "<group>";
		};
		C98EEF18C1864391F15A11DA /* Pods */ = {
			isa = PBXGroup;
			children = (
				24E88DA7C61A92B806E3BB66 /* Pods-Hologram.debug.xcconfig */,
				5E6EBF7A13F99820B1F30A4E /* Pods-Hologram.release.xcconfig */,
			);
			name = Pods;
			sourceTree = "<group>";
		};
		D5D615A86A53393DAA54F301 /* Video */ = {
			isa = PBXGroup;
			children = (
				D5D6133CC60B37AAACCADD40 /* VideoCompression.m */,
				D5D614114FF48DB005807969 /* VideoShared.m */,
				D5D61AFC38BFDD751F10C1A5 /* VIdeoEncoding.h */,
				D5D6142C892CC20B2A5702AB /* VIdeoEncoding.m */,
				D5D61997A14B045AD675F65F /* VideoShared.h */,
				D5D612C8E5F02C628B3B7961 /* VideoCompression.h */,
			);
			name = Video;
			sourceTree = "<group>";
		};
		D5D619769BA5FC59B1E52A0E /* Analytics */ = {
			isa = PBXGroup;
			children = (
				D5D618DEAA6848DAB2BE2ADC /* Analytics.m */,
				D5D619128899048FAEF6B7A4 /* Analytics.h */,
			);
			name = Analytics;
			sourceTree = "<group>";
		};
		D5D61A4EA923D8D784C1886D /* Payments */ = {
			isa = PBXGroup;
			children = (
				D5D61CB954B6907CFECD0082 /* Payments.m */,
				D5D6108001322A018089175D /* Payments.h */,
			);
			name = Payments;
			sourceTree = "<group>";
		};
		D5D61C25E77C1EF6435CAE2D /* DNS */ = {
			isa = PBXGroup;
			children = (
				D5D61F3CFD2F73472D349475 /* DnsResolver.m */,
				D5D6111A027A5BE9BECAA5C2 /* DnsResolver.h */,
				D5D61FA430B78B85E9A5F0CC /* IPV6Resolver.m */,
				D5D61030BA4D3A5A22FB2B3A /* IPV6Resolver.h */,
			);
			name = DNS;
			sourceTree = "<group>";
		};
		D5D61D51903207D5F1122FF9 /* Audio */ = {
			isa = PBXGroup;
			children = (
				D5D615BDBC1FD01C40CEEF84 /* AudioCompression.h */,
				D5D61422E8EE480CC5AAEF87 /* AudioSessionInteractions.m */,
				D5D61F718A9D6D0D34F4AE30 /* AudioPcmConversion.h */,
				D5D61207BC64C4E6C3132C20 /* AudioGraph.m */,
				D5D61A8DAF794BA61B97B9A4 /* AudioCompression.m */,
				D5D614574A26A6FB6BB7F913 /* AudioGraph.h */,
				D5D61FC56AFD47784849F7C2 /* AudioPcmConversion.m */,
				D5D6164EA8372CB5753B9B4D /* AudioSessionInteractions.h */,
				D5D610127115D2A30BBB7970 /* AudioUnitHelpers.h */,
				D5D61D42394687AAC5C21FB8 /* AudioUnitHelpers.m */,
				D5D61AAC5191B35D5EB35D56 /* AudioShared.h */,
				D5D61B2954C519324141BCE0 /* AudioShared.m */,
				D5D61453B416B66B682A844C /* SoundEncodingShared.m */,
				D5D619F285D829AA2D54CF3A /* SoundEncodingShared.h */,
			);
			name = Audio;
			sourceTree = "<group>";
		};
/* End PBXGroup section */

/* Begin PBXNativeTarget section */
		51E5BE1D1936A982003E45C3 /* Hologram */ = {
			isa = PBXNativeTarget;
			buildConfigurationList = 51E5BE4A1936A982003E45C3 /* Build configuration list for PBXNativeTarget "Hologram" */;
			buildPhases = (
				1548AB076B242B834CD75B17 /* [CP] Check Pods Manifest.lock */,
				51E5BE1A1936A982003E45C3 /* Sources */,
				51E5BE1B1936A982003E45C3 /* Frameworks */,
				51E5BE1C1936A982003E45C3 /* Resources */,
				9C7B20FA7941B69475CECF80 /* [CP] Embed Pods Frameworks */,
				C596FDDFA22F14333EED0D79 /* [CP] Copy Pods Resources */,
			);
			buildRules = (
			);
			dependencies = (
			);
			name = Hologram;
			productName = MyFirstApplication;
			productReference = 51E5BE1E1936A982003E45C3 /* Hologram.app */;
			productType = "com.apple.product-type.application";
		};
/* End PBXNativeTarget section */

/* Begin PBXProject section */
		51E5BE161936A982003E45C3 /* Project object */ = {
			isa = PBXProject;
			attributes = {
				CLASSPREFIX = MJP;
				LastUpgradeCheck = 0720;
				TargetAttributes = {
					51E5BE1D1936A982003E45C3 = {
						DevelopmentTeam = Q6XP93Q965;
						SystemCapabilities = {
							com.apple.InAppPurchase = {
								enabled = 1;
							};
							com.apple.Push = {
								enabled = 1;
							};
						};
					};
				};
			};
			buildConfigurationList = 51E5BE191936A982003E45C3 /* Build configuration list for PBXProject "Hologram" */;
			compatibilityVersion = "Xcode 6.3";
			developmentRegion = English;
			hasScannedForEncodings = 0;
			knownRegions = (
				en,
			);
			mainGroup = 51E5BE151936A982003E45C3;
			productRefGroup = 51E5BE1F1936A982003E45C3 /* Products */;
			projectDirPath = "";
			projectRoot = "";
			targets = (
				51E5BE1D1936A982003E45C3 /* Hologram */,
			);
		};
/* End PBXProject section */

/* Begin PBXResourcesBuildPhase section */
		51E5BE1C1936A982003E45C3 /* Resources */ = {
			isa = PBXResourcesBuildPhase;
			buildActionMask = 2147483647;
			files = (
				51E5BE2C1936A982003E45C3 /* InfoPlist.strings in Resources */,
				5121AFE91C395A37001D3E78 /* include in Resources */,
				51E5BE341936A982003E45C3 /* Images.xcassets in Resources */,
				51E219DC193B2D190066D915 /* Storyboard.storyboard in Resources */,
				511669F61CF3A8D100E561DF /* GoogleService-Info.plist in Resources */,
			);
			runOnlyForDeploymentPostprocessing = 0;
		};
/* End PBXResourcesBuildPhase section */

/* Begin PBXShellScriptBuildPhase section */
		1548AB076B242B834CD75B17 /* [CP] Check Pods Manifest.lock */ = {
			isa = PBXShellScriptBuildPhase;
			buildActionMask = 2147483647;
			files = (
			);
			inputPaths = (
			);
			name = "[CP] Check Pods Manifest.lock";
			outputPaths = (
			);
			runOnlyForDeploymentPostprocessing = 0;
			shellPath = /bin/sh;
			shellScript = "diff \"${PODS_ROOT}/../Podfile.lock\" \"${PODS_ROOT}/Manifest.lock\" > /dev/null\nif [[ $? != 0 ]] ; then\n    cat << EOM\nerror: The sandbox is not in sync with the Podfile.lock. Run 'pod install' or update your CocoaPods installation.\nEOM\n    exit 1\nfi\n";
			showEnvVarsInLog = 0;
		};
		9C7B20FA7941B69475CECF80 /* [CP] Embed Pods Frameworks */ = {
			isa = PBXShellScriptBuildPhase;
			buildActionMask = 2147483647;
			files = (
			);
			inputPaths = (
			);
			name = "[CP] Embed Pods Frameworks";
			outputPaths = (
			);
			runOnlyForDeploymentPostprocessing = 0;
			shellPath = /bin/sh;
			shellScript = "\"${SRCROOT}/Pods/Target Support Files/Pods-Hologram/Pods-Hologram-frameworks.sh\"\n";
			showEnvVarsInLog = 0;
		};
		C596FDDFA22F14333EED0D79 /* [CP] Copy Pods Resources */ = {
			isa = PBXShellScriptBuildPhase;
			buildActionMask = 2147483647;
			files = (
			);
			inputPaths = (
			);
			name = "[CP] Copy Pods Resources";
			outputPaths = (
			);
			runOnlyForDeploymentPostprocessing = 0;
			shellPath = /bin/sh;
			shellScript = "\"${SRCROOT}/Pods/Target Support Files/Pods-Hologram/Pods-Hologram-resources.sh\"\n";
			showEnvVarsInLog = 0;
		};
/* End PBXShellScriptBuildPhase section */

/* Begin PBXSourcesBuildPhase section */
		51E5BE1A1936A982003E45C3 /* Sources */ = {
			isa = PBXSourcesBuildPhase;
			buildActionMask = 2147483647;
			files = (
				51C18D2B1A9A3882000C42A8 /* Batch.m in Sources */,
				51DB961B19A8EE05001A63F8 /* ConnectionViewController.m in Sources */,
				51E888A11A597585005F8825 /* Signal.m in Sources */,
				510F6DF91BA74C1800D2AF48 /* AlertViewController.m in Sources */,
				51E1BF2B1A5DD7A4007D8A56 /* MediaController.m in Sources */,
				511EB6661B4B0419000E287F /* FacebookLoginViewController.m in Sources */,
				5103D2A21B55960B00B9593C /* HologramLogin.m in Sources */,
				51FBE0441AF66AF3009115AE /* ActivityMonitor.m in Sources */,
				511E72601B5444CA006F8D9A /* GpsState.m in Sources */,
				51E5BE811ABD03FD003E035C /* EncodingPipe.m in Sources */,
				51D87CB51A8F7C3000CE919E /* BatcherOutput.m in Sources */,
				511605F51B3EBE5D0071A183 /* NetworkUtility.m in Sources */,
				51197B071B13AAAD006A7AEE /* TimedEventTracker.m in Sources */,
				51D584C119AB7A9400BB6CE6 /* ByteBuffer.m in Sources */,
				51D87CB21A8F7C1B00CE919E /* BatcherInput.m in Sources */,
				51D584BE19AB649500BB6CE6 /* OutputSessionTcp.m in Sources */,
				51BF42541A750CDB00C16F9A /* ConnectionGovernorProtocol.m in Sources */,
				51197AFD1B134D72006A7AEE /* ThrottledPipe.m in Sources */,
				517C4E781D16D15300E7A185 /* ConversationEndedViewController.m in Sources */,
				511949341B3FFF8F00314436 /* ConnectionGovernor.m in Sources */,
				51197B001B1350B1006A7AEE /* ThrottledBlock.m in Sources */,
				51DB961819A8E3D0001A63F8 /* ConnectionManagerTcp.m in Sources */,
				51C2638B1AB45CE400285C6E /* BlockingQueue.m in Sources */,
				51CE2B941A8ECD9100B8E5B7 /* PipelineProcessor.m in Sources */,
				51FE7E0C1B3C85EF00FF27F3 /* ConnectionGovernorNatPunchthrough.m in Sources */,
				51E5BE321936A982003E45C3 /* MJPAppDelegate.m in Sources */,
				51260FD41B47F60F001DE2B3 /* ConnectionCommander.m in Sources */,
				51197B031B136CC3006A7AEE /* VideoOutputController.m in Sources */,
				51C3F13F1A6C4388004040BB /* ConnectionManagerUdp.m in Sources */,
				51D584BB19AB648000BB6CE6 /* InputSessionTcp.m in Sources */,
				51E5BE841ABD0450003E035C /* DecodingPipe.m in Sources */,
				51FF00531B52E54100D6AF33 /* SocialState.m in Sources */,
				519573041AEBEB26000247E1 /* EventTracker.m in Sources */,
				51E5BE2E1936A982003E45C3 /* main.m in Sources */,
				51197AFA1B132D6F006A7AEE /* Timer.m in Sources */,
				D5D6109C65D00FC0470BFE1E /* DelayedPipe.m in Sources */,
				D5D61065DF0FE43CD8139FEE /* TimedGapEventTracker.m in Sources */,
				D5D61138250F5B15745691AF /* AverageTracker.m in Sources */,
				D5D61CBB3513E39935B73FDC /* CustomNavigationController.m in Sources */,
				D5D614CA16CE4BB1DA691742 /* Threading.m in Sources */,
				D5D6192DFC855EFECF623757 /* AccessDialog.m in Sources */,
				D5D61487C694F7BDD0E86A7C /* Orientation.m in Sources */,
				D5D61CBEDFE3FFE1F6EE3C44 /* BatchSizeGenerator.m in Sources */,
				D5D611D1DE3EDA3A80460046 /* ViewInteractions.m in Sources */,
				D5D6172203880B4EF5E0208A /* TimedCounter.m in Sources */,
				D5D619A16A87A131135803C1 /* AudioSessionInteractions.m in Sources */,
				D5D6145E9B103B21DEEDEF03 /* AudioGraph.m in Sources */,
				D5D614E4D6BFED6E76D90C66 /* AudioCompression.m in Sources */,
				D5D6165B63794F0F27DDF979 /* AudioPcmConversion.m in Sources */,
				D5D61758C6E0646D1277A88C /* AudioUnitHelpers.m in Sources */,
				D5D618074CD0B5BEA7144104 /* AudioShared.m in Sources */,
				D5D6134479AE653BC9C32A65 /* VideoCompression.m in Sources */,
				D5D615E9B348EFBB9B04F511 /* VideoShared.m in Sources */,
				D5D6137BAB800EC6DF1FD7BE /* VIdeoEncoding.m in Sources */,
				D5D61D398DD2CB59B9FE1684 /* SoundEncodingShared.m in Sources */,
				D5D61B5A48A0CB843806AA65 /* TimedCounterLogging.m in Sources */,
				D5D615E72649593B457AEBD0 /* BlockingQueueTemporal.m in Sources */,
				D5D6184FBB9A864226D0235D /* TimedMinMaxTracker.m in Sources */,
				D5D61DBCF37E714F96DF680C /* SequenceEncodingPipe.m in Sources */,
				D5D61DE633140FF952A66F5A /* SequenceDecodingPipe.m in Sources */,
				D5D614411E4E71114170D04A /* Analytics.m in Sources */,
				D5D61FB357145EB97BA61493 /* DnsResolver.m in Sources */,
				D5D615C5390466834791C72C /* IPV6Resolver.m in Sources */,
				D5D617D21FA6360C6525B632 /* AverageTrackerLimitedSize.m in Sources */,
				D5D61BB3C8D9E23D68765691 /* ReadWriteLock.m in Sources */,
				D5D614DB6EB5A7B2C1193E29 /* Random.m in Sources */,
				D5D610AE60939C3E1169833F /* BannedViewController.m in Sources */,
				D5D619C325C883762F20C6AE /* Payments.m in Sources */,
				D5D618BBF13857535FF458BE /* BanPaymentsViewController.m in Sources */,
				D5D61E3CACDB415A66BE5819 /* FacebookSharedViewController.m in Sources */,
			);
			runOnlyForDeploymentPostprocessing = 0;
		};
/* End PBXSourcesBuildPhase section */

/* Begin PBXVariantGroup section */
		51E5BE2A1936A982003E45C3 /* InfoPlist.strings */ = {
			isa = PBXVariantGroup;
			children = (
				51E5BE2B1936A982003E45C3 /* en */,
			);
			name = InfoPlist.strings;
			sourceTree = "<group>";
		};
		51E5BE431936A982003E45C3 /* InfoPlist.strings */ = {
			isa = PBXVariantGroup;
			children = (
				51E5BE441936A982003E45C3 /* en */,
			);
			name = InfoPlist.strings;
			sourceTree = "<group>";
		};
/* End PBXVariantGroup section */

/* Begin XCBuildConfiguration section */
		51E5BE481936A982003E45C3 /* Debug */ = {
			isa = XCBuildConfiguration;
			buildSettings = {
				ALWAYS_SEARCH_USER_PATHS = NO;
				CLANG_CXX_LANGUAGE_STANDARD = "gnu++0x";
				CLANG_CXX_LIBRARY = "libc++";
				CLANG_ENABLE_MODULES = YES;
				CLANG_ENABLE_OBJC_ARC = YES;
				CLANG_WARN_BOOL_CONVERSION = YES;
				CLANG_WARN_CONSTANT_CONVERSION = YES;
				CLANG_WARN_DIRECT_OBJC_ISA_USAGE = YES_ERROR;
				CLANG_WARN_EMPTY_BODY = YES;
				CLANG_WARN_ENUM_CONVERSION = YES;
				CLANG_WARN_INT_CONVERSION = YES;
				CLANG_WARN_OBJC_ROOT_CLASS = YES_ERROR;
				CLANG_WARN__DUPLICATE_METHOD_MATCH = YES;
				"CODE_SIGN_IDENTITY[sdk=iphoneos*]" = "iPhone Developer";
				COPY_PHASE_STRIP = NO;
				DEPLOYMENT_POSTPROCESSING = YES;
				ENABLE_TESTABILITY = YES;
				GCC_C_LANGUAGE_STANDARD = gnu99;
				GCC_DYNAMIC_NO_PIC = NO;
				GCC_OPTIMIZATION_LEVEL = 0;
				GCC_PREPROCESSOR_DEFINITIONS = (
					"DEBUG=1",
					"$(inherited)",
				);
				GCC_SYMBOLS_PRIVATE_EXTERN = NO;
				GCC_WARN_64_TO_32_BIT_CONVERSION = YES;
				GCC_WARN_ABOUT_RETURN_TYPE = YES_ERROR;
				GCC_WARN_UNDECLARED_SELECTOR = YES;
				GCC_WARN_UNINITIALIZED_AUTOS = YES_AGGRESSIVE;
				GCC_WARN_UNUSED_FUNCTION = YES;
				GCC_WARN_UNUSED_VARIABLE = YES;
				HEADER_SEARCH_PATHS = "$(inherited)/**";
				IPHONEOS_DEPLOYMENT_TARGET = 9.0;
				ONLY_ACTIVE_ARCH = YES;
				SDKROOT = iphoneos;
				STRIP_INSTALLED_PRODUCT = NO;
				VALID_ARCHS = "arm64 x86_64 i386";
			};
			name = Debug;
		};
		51E5BE491936A982003E45C3 /* Release */ = {
			isa = XCBuildConfiguration;
			buildSettings = {
				ALWAYS_SEARCH_USER_PATHS = NO;
				CLANG_CXX_LANGUAGE_STANDARD = "gnu++0x";
				CLANG_CXX_LIBRARY = "libc++";
				CLANG_ENABLE_MODULES = YES;
				CLANG_ENABLE_OBJC_ARC = YES;
				CLANG_WARN_BOOL_CONVERSION = YES;
				CLANG_WARN_CONSTANT_CONVERSION = YES;
				CLANG_WARN_DIRECT_OBJC_ISA_USAGE = YES_ERROR;
				CLANG_WARN_EMPTY_BODY = YES;
				CLANG_WARN_ENUM_CONVERSION = YES;
				CLANG_WARN_INT_CONVERSION = YES;
				CLANG_WARN_OBJC_ROOT_CLASS = YES_ERROR;
				CLANG_WARN__DUPLICATE_METHOD_MATCH = YES;
				"CODE_SIGN_IDENTITY[sdk=iphoneos*]" = "iPhone Developer";
				COPY_PHASE_STRIP = NO;
				DEPLOYMENT_POSTPROCESSING = YES;
				ENABLE_NS_ASSERTIONS = NO;
				GCC_C_LANGUAGE_STANDARD = gnu99;
				GCC_WARN_64_TO_32_BIT_CONVERSION = YES;
				GCC_WARN_ABOUT_RETURN_TYPE = YES_ERROR;
				GCC_WARN_UNDECLARED_SELECTOR = YES;
				GCC_WARN_UNINITIALIZED_AUTOS = YES_AGGRESSIVE;
				GCC_WARN_UNUSED_FUNCTION = YES;
				GCC_WARN_UNUSED_VARIABLE = YES;
				HEADER_SEARCH_PATHS = "$(inherited)/**";
				IPHONEOS_DEPLOYMENT_TARGET = 9.0;
				SDKROOT = iphoneos;
				STRIP_INSTALLED_PRODUCT = NO;
				VALIDATE_PRODUCT = YES;
				VALID_ARCHS = "arm64 x86_64 i386";
			};
			name = Release;
		};
		51E5BE4B1936A982003E45C3 /* Debug */ = {
			isa = XCBuildConfiguration;
			baseConfigurationReference = 24E88DA7C61A92B806E3BB66 /* Pods-Hologram.debug.xcconfig */;
			buildSettings = {
				ASSETCATALOG_COMPILER_APPICON_NAME = AppIcon;
				ASSETCATALOG_COMPILER_LAUNCHIMAGE_NAME = LaunchImage;
				CODE_SIGN_IDENTITY = "iPhone Developer";
				"CODE_SIGN_IDENTITY[sdk=iphoneos*]" = "iPhone Developer";
				COPY_PHASE_STRIP = NO;
				DEPLOYMENT_LOCATION = YES;
				ENABLE_BITCODE = NO;
				FRAMEWORK_SEARCH_PATHS = (
					"$(inherited)",
					"$(PROJECT_DIR)/frameworks",
					"$(PROJECT_DIR)/build/Debug-iphoneos",
				);
				"FRAMEWORK_SEARCH_PATHS[arch=*]" = (
					"$(inherited)",
					"$(PROJECT_DIR)/frameworks",
					"$(PROJECT_DIR)/build/Debug-iphoneos/CircleProgressBar",
				);
				GCC_PRECOMPILE_PREFIX_HEADER = YES;
				GCC_PREFIX_HEADER = "MyFirstApplication/Hologram-Prefix.pch";
				GCC_UNROLL_LOOPS = YES;
				GENERATE_PROFILING_CODE = YES;
				HEADER_SEARCH_PATHS = (
					"$(inherited)/**",
					"/Users/pryormic/Desktop/MyFirstApplication/ffmpeg/FFmpeg-iOS/include/**",
					"/Users/pryormic/Desktop/MyFirstApplication/x264-ios/x264-iOS/include",
					"/Users/pryormic/Desktop/MyFirstApplication/pods/CircleProgressBar/**",
				);
				"HEADER_SEARCH_PATHS[arch=*]" = (
					"$(inherited)/**",
					"/Users/pryormic/Desktop/MyFirstApplication/ffmpeg/FFmpeg-iOS/include/**",
					"/Users/pryormic/Desktop/MyFirstApplication/x264-ios/x264-iOS/include",
				);
				INFOPLIST_FILE = "MyFirstApplication/Hologram-Info.plist";
				IPHONEOS_DEPLOYMENT_TARGET = 9.0;
				KEEP_PRIVATE_EXTERNS = NO;
				LIBRARY_SEARCH_PATHS = (
					"$(inherited)/**",
					"$(PROJECT_DIR)/ffmpeg/FFmpeg-iOS/lib",
					"$(PROJECT_DIR)/x264-ios/x264-iOS/lib",
					"$(PROJECT_DIR)/x264-ios/thin-x264/armv7/lib",
					"$(PROJECT_DIR)/x264-ios/thin-x264/x86_64/lib",
					"$(PROJECT_DIR)/FFmpeg-iOS-build-script/FFmpeg-iOS/lib",
				);
				ONLY_ACTIVE_ARCH = NO;
				OTHER_LDFLAGS = "$(inherited)";
				PRODUCT_BUNDLE_IDENTIFIER = mike.Spawn;
				PRODUCT_NAME = Hologram;
				PROVISIONING_PROFILE = "";
				STRIP_STYLE = debugging;
				TARGETED_DEVICE_FAMILY = 1;
				VALIDATE_PRODUCT = YES;
				VALID_ARCHS = "arm64 x86_64 i386 armv7s armv7";
				WRAPPER_EXTENSION = app;
			};
			name = Debug;
		};
		51E5BE4C1936A982003E45C3 /* Release */ = {
			isa = XCBuildConfiguration;
			baseConfigurationReference = 5E6EBF7A13F99820B1F30A4E /* Pods-Hologram.release.xcconfig */;
			buildSettings = {
				ASSETCATALOG_COMPILER_APPICON_NAME = AppIcon;
				ASSETCATALOG_COMPILER_LAUNCHIMAGE_NAME = LaunchImage;
				CODE_SIGN_IDENTITY = "iPhone Developer";
				"CODE_SIGN_IDENTITY[sdk=iphoneos*]" = "iPhone Developer";
				COPY_PHASE_STRIP = YES;
				DEPLOYMENT_LOCATION = YES;
				ENABLE_BITCODE = NO;
				FRAMEWORK_SEARCH_PATHS = (
					"$(inherited)",
					"$(PROJECT_DIR)/frameworks",
					"$(PROJECT_DIR)/build/Debug-iphoneos",
				);
				GCC_OPTIMIZATION_LEVEL = s;
				GCC_PRECOMPILE_PREFIX_HEADER = YES;
				GCC_PREFIX_HEADER = "MyFirstApplication/Hologram-Prefix.pch";
				GCC_SYMBOLS_PRIVATE_EXTERN = YES;
				GCC_UNROLL_LOOPS = YES;
				GENERATE_PROFILING_CODE = NO;
				HEADER_SEARCH_PATHS = (
					"$(inherited)/**",
					"/Users/pryormic/Desktop/MyFirstApplication/ffmpeg/FFmpeg-iOS/include/**",
					"/Users/pryormic/Desktop/MyFirstApplication/x264-ios/x264-iOS/include",
					"/Users/pryormic/Desktop/MyFirstApplication/pods/CircleProgressBar/**",
				);
				INFOPLIST_FILE = "MyFirstApplication/Hologram-Info.plist";
				IPHONEOS_DEPLOYMENT_TARGET = 9.0;
				KEEP_PRIVATE_EXTERNS = NO;
				LIBRARY_SEARCH_PATHS = (
					"$(inherited)/**",
					"$(PROJECT_DIR)/ffmpeg/FFmpeg-iOS/lib",
					"$(PROJECT_DIR)/x264-ios/x264-iOS/lib",
					"$(PROJECT_DIR)/x264-ios/thin-x264/armv7/lib",
					"$(PROJECT_DIR)/x264-ios/thin-x264/x86_64/lib",
					"$(PROJECT_DIR)/FFmpeg-iOS-build-script/FFmpeg-iOS/lib",
				);
				OTHER_LDFLAGS = "$(inherited)";
				PRODUCT_BUNDLE_IDENTIFIER = mike.Spawn;
				PRODUCT_NAME = Hologram;
				PROVISIONING_PROFILE = "";
				STRIP_STYLE = all;
				TARGETED_DEVICE_FAMILY = 1;
				VALID_ARCHS = "arm64 x86_64 i386 armv7s armv7";
				WRAPPER_EXTENSION = app;
			};
			name = Release;
		};
/* End XCBuildConfiguration section */

/* Begin XCConfigurationList section */
		51E5BE191936A982003E45C3 /* Build configuration list for PBXProject "Hologram" */ = {
			isa = XCConfigurationList;
			buildConfigurations = (
				51E5BE481936A982003E45C3 /* Debug */,
				51E5BE491936A982003E45C3 /* Release */,
			);
			defaultConfigurationIsVisible = 0;
			defaultConfigurationName = Release;
		};
		51E5BE4A1936A982003E45C3 /* Build configuration list for PBXNativeTarget "Hologram" */ = {
			isa = XCConfigurationList;
			buildConfigurations = (
				51E5BE4B1936A982003E45C3 /* Debug */,
				51E5BE4C1936A982003E45C3 /* Release */,
			);
			defaultConfigurationIsVisible = 0;
			defaultConfigurationName = Release;
		};
/* End XCConfigurationList section */
	};
	rootObject = 51E5BE161936A982003E45C3 /* Project object */;
}
