// !$*UTF8*$!
{
	archiveVersion = 1;
	classes = {
	};
	objectVersion = 47;
	objects = {

/* Begin PBXBuildFile section */
		5103D2A21B55960B00B9593C /* QuarkLogin.m in Sources */ = {isa = PBXBuildFile; fileRef = 5103D2A11B55960B00B9593C /* QuarkLogin.m */; };
		5109583B1BB32C5800319FA9 /* iAd.framework in Frameworks */ = {isa = PBXBuildFile; fileRef = 5109583A1BB32C5800319FA9 /* iAd.framework */; };
		5109D3A81C1606FE003EAA33 /* icon_120.png in Resources */ = {isa = PBXBuildFile; fileRef = 5109D3A71C1606FE003EAA33 /* icon_120.png */; };
		510F6DF91BA74C1800D2AF48 /* AlertViewController.m in Sources */ = {isa = PBXBuildFile; fileRef = 510F6DF81BA74C1800D2AF48 /* AlertViewController.m */; };
		511605F51B3EBE5D0071A183 /* NetworkUtility.m in Sources */ = {isa = PBXBuildFile; fileRef = 511605F41B3EBE5D0071A183 /* NetworkUtility.m */; };
		511949341B3FFF8F00314436 /* ConnectionGovernor.m in Sources */ = {isa = PBXBuildFile; fileRef = 511949331B3FFF8F00314436 /* ConnectionGovernor.m */; };
		51197AFA1B132D6F006A7AEE /* Timer.m in Sources */ = {isa = PBXBuildFile; fileRef = 51197AF91B132D6F006A7AEE /* Timer.m */; };
		51197AFD1B134D72006A7AEE /* ThrottledPipe.m in Sources */ = {isa = PBXBuildFile; fileRef = 51197AFC1B134D72006A7AEE /* ThrottledPipe.m */; };
		51197B001B1350B1006A7AEE /* ThrottledBlock.m in Sources */ = {isa = PBXBuildFile; fileRef = 51197AFF1B1350B1006A7AEE /* ThrottledBlock.m */; };
		51197B031B136CC3006A7AEE /* VideoOutputController.m in Sources */ = {isa = PBXBuildFile; fileRef = 51197B021B136CC3006A7AEE /* VideoOutputController.m */; };
		51197B071B13AAAD006A7AEE /* TimedEventTracker.m in Sources */ = {isa = PBXBuildFile; fileRef = 51197B061B13AAAD006A7AEE /* TimedEventTracker.m */; };
		511E725B1B544484006F8D9A /* CoreLocation.framework in Frameworks */ = {isa = PBXBuildFile; fileRef = 511E725A1B544484006F8D9A /* CoreLocation.framework */; };
		511E72601B5444CA006F8D9A /* GpsState.m in Sources */ = {isa = PBXBuildFile; fileRef = 511E725F1B5444CA006F8D9A /* GpsState.m */; };
		511EB65A1B4AFE0D000E287F /* FBSDKCoreKit.framework in Frameworks */ = {isa = PBXBuildFile; fileRef = 511EB6581B4AFE0D000E287F /* FBSDKCoreKit.framework */; };
		511EB65B1B4AFE0D000E287F /* FBSDKLoginKit.framework in Frameworks */ = {isa = PBXBuildFile; fileRef = 511EB6591B4AFE0D000E287F /* FBSDKLoginKit.framework */; };
		511EB6601B4B01C7000E287F /* Bolts.framework in Frameworks */ = {isa = PBXBuildFile; fileRef = 511EB65C1B4B01C7000E287F /* Bolts.framework */; };
		511EB6611B4B01C7000E287F /* FacebookSDKStrings.bundle in Resources */ = {isa = PBXBuildFile; fileRef = 511EB65D1B4B01C7000E287F /* FacebookSDKStrings.bundle */; };
		511EB6621B4B01C7000E287F /* FBAudienceNetwork.framework in Frameworks */ = {isa = PBXBuildFile; fileRef = 511EB65E1B4B01C7000E287F /* FBAudienceNetwork.framework */; };
		511EB6631B4B01C7000E287F /* FBSDKShareKit.framework in Frameworks */ = {isa = PBXBuildFile; fileRef = 511EB65F1B4B01C7000E287F /* FBSDKShareKit.framework */; };
		511EB6661B4B0419000E287F /* FacebookLoginViewController.m in Sources */ = {isa = PBXBuildFile; fileRef = 511EB6651B4B0419000E287F /* FacebookLoginViewController.m */; };
		51260FD41B47F60F001DE2B3 /* ConnectionCommander.m in Sources */ = {isa = PBXBuildFile; fileRef = 51260FD31B47F60F001DE2B3 /* ConnectionCommander.m */; };
		513205E71AAE4CA600C80AD9 /* SoundMicrophone.m in Sources */ = {isa = PBXBuildFile; fileRef = 513205E61AAE4CA600C80AD9 /* SoundMicrophone.m */; };
		51865D2D1C1C438A008836E7 /* iphone5_launchscreen.png in Resources */ = {isa = PBXBuildFile; fileRef = 51865D2C1C1C438A008836E7 /* iphone5_launchscreen.png */; };
		519573041AEBEB26000247E1 /* EventTracker.m in Sources */ = {isa = PBXBuildFile; fileRef = 519573031AEBEB26000247E1 /* EventTracker.m */; };
		51BF42541A750CDB00C16F9A /* ConnectionGovernorProtocol.m in Sources */ = {isa = PBXBuildFile; fileRef = 51BF42531A750CDB00C16F9A /* ConnectionGovernorProtocol.m */; };
		51C18D2B1A9A3882000C42A8 /* Batch.m in Sources */ = {isa = PBXBuildFile; fileRef = 51C18D2A1A9A3882000C42A8 /* Batch.m */; };
		51C263851AB450E600285C6E /* SoundPlayback.m in Sources */ = {isa = PBXBuildFile; fileRef = 51C263841AB450E600285C6E /* SoundPlayback.m */; };
		51C263881AB4545000285C6E /* SoundEncodingShared.m in Sources */ = {isa = PBXBuildFile; fileRef = 51C263871AB4545000285C6E /* SoundEncodingShared.m */; };
		51C2638B1AB45CE400285C6E /* BlockingQueue.m in Sources */ = {isa = PBXBuildFile; fileRef = 51C2638A1AB45CE400285C6E /* BlockingQueue.m */; };
		51C3F13F1A6C4388004040BB /* ConnectionManagerUdp.m in Sources */ = {isa = PBXBuildFile; fileRef = 51C3F13E1A6C4388004040BB /* ConnectionManagerUdp.m */; };
		51CE2B941A8ECD9100B8E5B7 /* PipelineProcessor.m in Sources */ = {isa = PBXBuildFile; fileRef = 51CE2B931A8ECD9000B8E5B7 /* PipelineProcessor.m */; };
		51D584BB19AB648000BB6CE6 /* InputSessionTcp.m in Sources */ = {isa = PBXBuildFile; fileRef = 51D584BA19AB648000BB6CE6 /* InputSessionTcp.m */; };
		51D584BE19AB649500BB6CE6 /* OutputSessionTcp.m in Sources */ = {isa = PBXBuildFile; fileRef = 51D584BD19AB649500BB6CE6 /* OutputSessionTcp.m */; };
		51D584C119AB7A9400BB6CE6 /* ByteBuffer.m in Sources */ = {isa = PBXBuildFile; fileRef = 51D584C019AB7A9400BB6CE6 /* ByteBuffer.m */; };
		51D584C319AB8B1D00BB6CE6 /* ByteBufferTest.m in Sources */ = {isa = PBXBuildFile; fileRef = 51D584C219AB8B1D00BB6CE6 /* ByteBufferTest.m */; };
		51D87CB21A8F7C1B00CE919E /* BatcherInput.m in Sources */ = {isa = PBXBuildFile; fileRef = 51D87CB11A8F7C1B00CE919E /* BatcherInput.m */; };
		51D87CB51A8F7C3000CE919E /* BatcherOutput.m in Sources */ = {isa = PBXBuildFile; fileRef = 51D87CB41A8F7C3000CE919E /* BatcherOutput.m */; };
		51DB961819A8E3D0001A63F8 /* ConnectionManagerTcp.m in Sources */ = {isa = PBXBuildFile; fileRef = 51DB961719A8E3D0001A63F8 /* ConnectionManagerTcp.m */; };
		51DB961B19A8EE05001A63F8 /* ConnectionViewController.m in Sources */ = {isa = PBXBuildFile; fileRef = 51DB961A19A8EE05001A63F8 /* ConnectionViewController.m */; };
		51E1BF2B1A5DD7A4007D8A56 /* MediaController.m in Sources */ = {isa = PBXBuildFile; fileRef = 51E1BF2A1A5DD7A4007D8A56 /* MediaController.m */; };
		51E219DC193B2D190066D915 /* Storyboard.storyboard in Resources */ = {isa = PBXBuildFile; fileRef = 51E219DB193B2D190066D915 /* Storyboard.storyboard */; };
		51E5BE221936A982003E45C3 /* Foundation.framework in Frameworks */ = {isa = PBXBuildFile; fileRef = 51E5BE211936A982003E45C3 /* Foundation.framework */; };
		51E5BE241936A982003E45C3 /* CoreGraphics.framework in Frameworks */ = {isa = PBXBuildFile; fileRef = 51E5BE231936A982003E45C3 /* CoreGraphics.framework */; };
		51E5BE261936A982003E45C3 /* UIKit.framework in Frameworks */ = {isa = PBXBuildFile; fileRef = 51E5BE251936A982003E45C3 /* UIKit.framework */; };
		51E5BE2C1936A982003E45C3 /* InfoPlist.strings in Resources */ = {isa = PBXBuildFile; fileRef = 51E5BE2A1936A982003E45C3 /* InfoPlist.strings */; };
		51E5BE2E1936A982003E45C3 /* main.m in Sources */ = {isa = PBXBuildFile; fileRef = 51E5BE2D1936A982003E45C3 /* main.m */; };
		51E5BE321936A982003E45C3 /* MJPAppDelegate.m in Sources */ = {isa = PBXBuildFile; fileRef = 51E5BE311936A982003E45C3 /* MJPAppDelegate.m */; };
		51E5BE341936A982003E45C3 /* Images.xcassets in Resources */ = {isa = PBXBuildFile; fileRef = 51E5BE331936A982003E45C3 /* Images.xcassets */; };
		51E5BE3B1936A982003E45C3 /* XCTest.framework in Frameworks */ = {isa = PBXBuildFile; fileRef = 51E5BE3A1936A982003E45C3 /* XCTest.framework */; };
		51E5BE3C1936A982003E45C3 /* Foundation.framework in Frameworks */ = {isa = PBXBuildFile; fileRef = 51E5BE211936A982003E45C3 /* Foundation.framework */; };
		51E5BE3D1936A982003E45C3 /* UIKit.framework in Frameworks */ = {isa = PBXBuildFile; fileRef = 51E5BE251936A982003E45C3 /* UIKit.framework */; };
		51E5BE451936A982003E45C3 /* InfoPlist.strings in Resources */ = {isa = PBXBuildFile; fileRef = 51E5BE431936A982003E45C3 /* InfoPlist.strings */; };
		51E5BE471936A982003E45C3 /* MyFirstApplicationTests.m in Sources */ = {isa = PBXBuildFile; fileRef = 51E5BE461936A982003E45C3 /* MyFirstApplicationTests.m */; };
		51E5BE811ABD03FD003E035C /* EncodingPipe.m in Sources */ = {isa = PBXBuildFile; fileRef = 51E5BE801ABD03FD003E035C /* EncodingPipe.m */; };
		51E5BE841ABD0450003E035C /* DecodingPipe.m in Sources */ = {isa = PBXBuildFile; fileRef = 51E5BE831ABD0450003E035C /* DecodingPipe.m */; };
		51E888A11A597585005F8825 /* Signal.m in Sources */ = {isa = PBXBuildFile; fileRef = 51E888A01A597585005F8825 /* Signal.m */; };
		51E888A51A59DFB8005F8825 /* VIdeoEncoding.m in Sources */ = {isa = PBXBuildFile; fileRef = 51E888A41A59DFB8005F8825 /* VIdeoEncoding.m */; };
		51FBE0441AF66AF3009115AE /* ActivityMonitor.m in Sources */ = {isa = PBXBuildFile; fileRef = 51FBE0431AF66AF3009115AE /* ActivityMonitor.m */; };
		51FE7E0C1B3C85EF00FF27F3 /* ConnectionGovernorNatPunchthrough.m in Sources */ = {isa = PBXBuildFile; fileRef = 51FE7E0B1B3C85EF00FF27F3 /* ConnectionGovernorNatPunchthrough.m */; };
		51FF00531B52E54100D6AF33 /* SocialState.m in Sources */ = {isa = PBXBuildFile; fileRef = 51FF00521B52E54100D6AF33 /* SocialState.m */; };
		D5D61065DF0FE43CD8139FEE /* TimedGapEventTracker.m in Sources */ = {isa = PBXBuildFile; fileRef = D5D619B9B74C7F1DF1AAC7AB /* TimedGapEventTracker.m */; };
		D5D6106701B2CF963A8085AA /* MediaShared.m in Sources */ = {isa = PBXBuildFile; fileRef = D5D61F6FC82188C4EC56BEA1 /* MediaShared.m */; };
		D5D6109C65D00FC0470BFE1E /* DelayedPipe.m in Sources */ = {isa = PBXBuildFile; fileRef = D5D61109DD409D89A9B6D01A /* DelayedPipe.m */; };
		D5D61138250F5B15745691AF /* AverageTracker.m in Sources */ = {isa = PBXBuildFile; fileRef = D5D615F63C69FA0011332EF8 /* AverageTracker.m */; };
		D5D61487C694F7BDD0E86A7C /* Orientation.m in Sources */ = {isa = PBXBuildFile; fileRef = D5D61361F43525D3DF93DCE0 /* Orientation.m */; };
		D5D614CA16CE4BB1DA691742 /* Threading.m in Sources */ = {isa = PBXBuildFile; fileRef = D5D610546CB5BFA2EC52AFD5 /* Threading.m */; };
		D5D6192DFC855EFECF623757 /* AccessDialog.m in Sources */ = {isa = PBXBuildFile; fileRef = D5D61D7435CE35550C2AB293 /* AccessDialog.m */; };
		D5D61CBB3513E39935B73FDC /* CustomNavigationController.m in Sources */ = {isa = PBXBuildFile; fileRef = D5D61A72597479299B065AE4 /* CustomNavigationController.m */; };
/* End PBXBuildFile section */

/* Begin PBXContainerItemProxy section */
		51E5BE3E1936A982003E45C3 /* PBXContainerItemProxy */ = {
			isa = PBXContainerItemProxy;
			containerPortal = 51E5BE161936A982003E45C3 /* Project object */;
			proxyType = 1;
			remoteGlobalIDString = 51E5BE1D1936A982003E45C3;
			remoteInfo = MyFirstApplication;
		};
/* End PBXContainerItemProxy section */

/* Begin PBXFileReference section */
		5103D29C1B5594F200B9593C /* LoginProvider.h */ = {isa = PBXFileReference; fileEncoding = 4; lastKnownFileType = sourcecode.c.h; path = LoginProvider.h; sourceTree = "<group>"; };
		5103D2A01B55960B00B9593C /* QuarkLogin.h */ = {isa = PBXFileReference; fileEncoding = 4; lastKnownFileType = sourcecode.c.h; path = QuarkLogin.h; sourceTree = "<group>"; };
		5103D2A11B55960B00B9593C /* QuarkLogin.m */ = {isa = PBXFileReference; fileEncoding = 4; lastKnownFileType = sourcecode.c.objc; path = QuarkLogin.m; sourceTree = "<group>"; };
		5109583A1BB32C5800319FA9 /* iAd.framework */ = {isa = PBXFileReference; lastKnownFileType = wrapper.framework; name = iAd.framework; path = System/Library/Frameworks/iAd.framework; sourceTree = SDKROOT; };
		5109D3A71C1606FE003EAA33 /* icon_120.png */ = {isa = PBXFileReference; lastKnownFileType = image.png; path = icon_120.png; sourceTree = "<group>"; };
		510F6DF71BA74C1800D2AF48 /* AlertViewController.h */ = {isa = PBXFileReference; fileEncoding = 4; lastKnownFileType = sourcecode.c.h; path = AlertViewController.h; sourceTree = "<group>"; };
		510F6DF81BA74C1800D2AF48 /* AlertViewController.m */ = {isa = PBXFileReference; fileEncoding = 4; lastKnownFileType = sourcecode.c.objc; path = AlertViewController.m; sourceTree = "<group>"; };
		511605F31B3EBE5D0071A183 /* NetworkUtility.h */ = {isa = PBXFileReference; fileEncoding = 4; lastKnownFileType = sourcecode.c.h; path = NetworkUtility.h; sourceTree = "<group>"; };
		511605F41B3EBE5D0071A183 /* NetworkUtility.m */ = {isa = PBXFileReference; fileEncoding = 4; lastKnownFileType = sourcecode.c.objc; path = NetworkUtility.m; sourceTree = "<group>"; };
		511605F61B3EEF8C0071A183 /* ConnectionGovernor.h */ = {isa = PBXFileReference; lastKnownFileType = sourcecode.c.h; path = ConnectionGovernor.h; sourceTree = "<group>"; };
		511949331B3FFF8F00314436 /* ConnectionGovernor.m */ = {isa = PBXFileReference; fileEncoding = 4; lastKnownFileType = sourcecode.c.objc; path = ConnectionGovernor.m; sourceTree = "<group>"; };
		51197AF81B132D6F006A7AEE /* Timer.h */ = {isa = PBXFileReference; fileEncoding = 4; lastKnownFileType = sourcecode.c.h; path = Timer.h; sourceTree = "<group>"; };
		51197AF91B132D6F006A7AEE /* Timer.m */ = {isa = PBXFileReference; fileEncoding = 4; lastKnownFileType = sourcecode.c.objc; path = Timer.m; sourceTree = "<group>"; };
		51197AFB1B134D72006A7AEE /* ThrottledPipe.h */ = {isa = PBXFileReference; fileEncoding = 4; lastKnownFileType = sourcecode.c.h; path = ThrottledPipe.h; sourceTree = "<group>"; };
		51197AFC1B134D72006A7AEE /* ThrottledPipe.m */ = {isa = PBXFileReference; fileEncoding = 4; lastKnownFileType = sourcecode.c.objc; path = ThrottledPipe.m; sourceTree = "<group>"; };
		51197AFE1B1350B1006A7AEE /* ThrottledBlock.h */ = {isa = PBXFileReference; fileEncoding = 4; lastKnownFileType = sourcecode.c.h; path = ThrottledBlock.h; sourceTree = "<group>"; };
		51197AFF1B1350B1006A7AEE /* ThrottledBlock.m */ = {isa = PBXFileReference; fileEncoding = 4; lastKnownFileType = sourcecode.c.objc; path = ThrottledBlock.m; sourceTree = "<group>"; };
		51197B011B136CC3006A7AEE /* VideoOutputController.h */ = {isa = PBXFileReference; fileEncoding = 4; lastKnownFileType = sourcecode.c.h; path = VideoOutputController.h; sourceTree = "<group>"; };
		51197B021B136CC3006A7AEE /* VideoOutputController.m */ = {isa = PBXFileReference; fileEncoding = 4; lastKnownFileType = sourcecode.c.objc; path = VideoOutputController.m; sourceTree = "<group>"; };
		51197B041B137468006A7AEE /* NetworkOperations.h */ = {isa = PBXFileReference; lastKnownFileType = sourcecode.c.h; path = NetworkOperations.h; sourceTree = "<group>"; };
		51197B051B13AAAD006A7AEE /* TimedEventTracker.h */ = {isa = PBXFileReference; fileEncoding = 4; lastKnownFileType = sourcecode.c.h; path = TimedEventTracker.h; sourceTree = "<group>"; };
		51197B061B13AAAD006A7AEE /* TimedEventTracker.m */ = {isa = PBXFileReference; fileEncoding = 4; lastKnownFileType = sourcecode.c.objc; path = TimedEventTracker.m; sourceTree = "<group>"; };
		511E725A1B544484006F8D9A /* CoreLocation.framework */ = {isa = PBXFileReference; lastKnownFileType = wrapper.framework; name = CoreLocation.framework; path = System/Library/Frameworks/CoreLocation.framework; sourceTree = SDKROOT; };
		511E725C1B544497006F8D9A /* CoreLocation.framework */ = {isa = PBXFileReference; lastKnownFileType = wrapper.framework; name = CoreLocation.framework; path = System/Library/Frameworks/CoreLocation.framework; sourceTree = SDKROOT; };
		511E725E1B5444CA006F8D9A /* GpsState.h */ = {isa = PBXFileReference; fileEncoding = 4; lastKnownFileType = sourcecode.c.h; path = GpsState.h; sourceTree = "<group>"; };
		511E725F1B5444CA006F8D9A /* GpsState.m */ = {isa = PBXFileReference; fileEncoding = 4; lastKnownFileType = sourcecode.c.objc; path = GpsState.m; sourceTree = "<group>"; };
		511EB6581B4AFE0D000E287F /* FBSDKCoreKit.framework */ = {isa = PBXFileReference; lastKnownFileType = wrapper.framework; name = FBSDKCoreKit.framework; path = ../../Documents/FacebookSDK/FBSDKCoreKit.framework; sourceTree = "<group>"; };
		511EB6591B4AFE0D000E287F /* FBSDKLoginKit.framework */ = {isa = PBXFileReference; lastKnownFileType = wrapper.framework; name = FBSDKLoginKit.framework; path = ../../Documents/FacebookSDK/FBSDKLoginKit.framework; sourceTree = "<group>"; };
		511EB65C1B4B01C7000E287F /* Bolts.framework */ = {isa = PBXFileReference; lastKnownFileType = wrapper.framework; name = Bolts.framework; path = ../../Documents/FacebookSDK/Bolts.framework; sourceTree = "<group>"; };
		511EB65D1B4B01C7000E287F /* FacebookSDKStrings.bundle */ = {isa = PBXFileReference; lastKnownFileType = "wrapper.plug-in"; name = FacebookSDKStrings.bundle; path = ../../Documents/FacebookSDK/FacebookSDKStrings.bundle; sourceTree = "<group>"; };
		511EB65E1B4B01C7000E287F /* FBAudienceNetwork.framework */ = {isa = PBXFileReference; lastKnownFileType = wrapper.framework; name = FBAudienceNetwork.framework; path = ../../Documents/FacebookSDK/FBAudienceNetwork.framework; sourceTree = "<group>"; };
		511EB65F1B4B01C7000E287F /* FBSDKShareKit.framework */ = {isa = PBXFileReference; lastKnownFileType = wrapper.framework; name = FBSDKShareKit.framework; path = ../../Documents/FacebookSDK/FBSDKShareKit.framework; sourceTree = "<group>"; };
		511EB6641B4B0419000E287F /* FacebookLoginViewController.h */ = {isa = PBXFileReference; fileEncoding = 4; lastKnownFileType = sourcecode.c.h; path = FacebookLoginViewController.h; sourceTree = "<group>"; };
		511EB6651B4B0419000E287F /* FacebookLoginViewController.m */ = {isa = PBXFileReference; fileEncoding = 4; lastKnownFileType = sourcecode.c.objc; path = FacebookLoginViewController.m; sourceTree = "<group>"; };
		51260FD21B47F60F001DE2B3 /* ConnectionCommander.h */ = {isa = PBXFileReference; fileEncoding = 4; lastKnownFileType = sourcecode.c.h; path = ConnectionCommander.h; sourceTree = "<group>"; };
		51260FD31B47F60F001DE2B3 /* ConnectionCommander.m */ = {isa = PBXFileReference; fileEncoding = 4; lastKnownFileType = sourcecode.c.objc; path = ConnectionCommander.m; sourceTree = "<group>"; };
		513205E51AAE4CA600C80AD9 /* SoundMicrophone.h */ = {isa = PBXFileReference; fileEncoding = 4; lastKnownFileType = sourcecode.c.h; path = SoundMicrophone.h; sourceTree = "<group>"; };
		513205E61AAE4CA600C80AD9 /* SoundMicrophone.m */ = {isa = PBXFileReference; fileEncoding = 4; lastKnownFileType = sourcecode.c.objc; path = SoundMicrophone.m; sourceTree = "<group>"; };
		51865D2C1C1C438A008836E7 /* iphone5_launchscreen.png */ = {isa = PBXFileReference; lastKnownFileType = image.png; path = iphone5_launchscreen.png; sourceTree = "<group>"; };
		519573021AEBEB26000247E1 /* EventTracker.h */ = {isa = PBXFileReference; fileEncoding = 4; lastKnownFileType = sourcecode.c.h; path = EventTracker.h; sourceTree = "<group>"; };
		519573031AEBEB26000247E1 /* EventTracker.m */ = {isa = PBXFileReference; fileEncoding = 4; lastKnownFileType = sourcecode.c.objc; path = EventTracker.m; sourceTree = "<group>"; };
		51BDB1491A6F0E7E00E0DA49 /* InputSessionBase.h */ = {isa = PBXFileReference; fileEncoding = 4; lastKnownFileType = sourcecode.c.h; path = InputSessionBase.h; sourceTree = "<group>"; };
		51BDB14D1A6F121400E0DA49 /* ConnectionManagerBase.h */ = {isa = PBXFileReference; lastKnownFileType = sourcecode.c.h; path = ConnectionManagerBase.h; sourceTree = "<group>"; };
		51BF42521A750CDB00C16F9A /* ConnectionGovernorProtocol.h */ = {isa = PBXFileReference; fileEncoding = 4; lastKnownFileType = sourcecode.c.h; lineEnding = 0; path = ConnectionGovernorProtocol.h; sourceTree = "<group>"; xcLanguageSpecificationIdentifier = xcode.lang.objcpp; };
		51BF42531A750CDB00C16F9A /* ConnectionGovernorProtocol.m */ = {isa = PBXFileReference; fileEncoding = 4; lastKnownFileType = sourcecode.c.objc; lineEnding = 0; path = ConnectionGovernorProtocol.m; sourceTree = "<group>"; xcLanguageSpecificationIdentifier = xcode.lang.objc; };
		51C18D291A9A3882000C42A8 /* Batch.h */ = {isa = PBXFileReference; fileEncoding = 4; lastKnownFileType = sourcecode.c.h; lineEnding = 0; path = Batch.h; sourceTree = "<group>"; xcLanguageSpecificationIdentifier = xcode.lang.objcpp; };
		51C18D2A1A9A3882000C42A8 /* Batch.m */ = {isa = PBXFileReference; fileEncoding = 4; lastKnownFileType = sourcecode.c.objc; lineEnding = 0; path = Batch.m; sourceTree = "<group>"; xcLanguageSpecificationIdentifier = xcode.lang.objc; };
		51C263831AB450E600285C6E /* SoundPlayback.h */ = {isa = PBXFileReference; fileEncoding = 4; lastKnownFileType = sourcecode.c.h; path = SoundPlayback.h; sourceTree = "<group>"; };
		51C263841AB450E600285C6E /* SoundPlayback.m */ = {isa = PBXFileReference; fileEncoding = 4; lastKnownFileType = sourcecode.c.objc; path = SoundPlayback.m; sourceTree = "<group>"; };
		51C263861AB4545000285C6E /* SoundEncodingShared.h */ = {isa = PBXFileReference; fileEncoding = 4; lastKnownFileType = sourcecode.c.h; path = SoundEncodingShared.h; sourceTree = "<group>"; };
		51C263871AB4545000285C6E /* SoundEncodingShared.m */ = {isa = PBXFileReference; fileEncoding = 4; lastKnownFileType = sourcecode.c.objc; path = SoundEncodingShared.m; sourceTree = "<group>"; };
		51C263891AB45CE400285C6E /* BlockingQueue.h */ = {isa = PBXFileReference; fileEncoding = 4; lastKnownFileType = sourcecode.c.h; path = BlockingQueue.h; sourceTree = "<group>"; };
		51C2638A1AB45CE400285C6E /* BlockingQueue.m */ = {isa = PBXFileReference; fileEncoding = 4; lastKnownFileType = sourcecode.c.objc; path = BlockingQueue.m; sourceTree = "<group>"; };
		51C3F13D1A6C4388004040BB /* ConnectionManagerUdp.h */ = {isa = PBXFileReference; fileEncoding = 4; lastKnownFileType = sourcecode.c.h; lineEnding = 0; path = ConnectionManagerUdp.h; sourceTree = "<group>"; xcLanguageSpecificationIdentifier = xcode.lang.objcpp; };
		51C3F13E1A6C4388004040BB /* ConnectionManagerUdp.m */ = {isa = PBXFileReference; fileEncoding = 4; lastKnownFileType = sourcecode.c.objc; path = ConnectionManagerUdp.m; sourceTree = "<group>"; };
		51CE2B921A8ECD9000B8E5B7 /* PipelineProcessor.h */ = {isa = PBXFileReference; fileEncoding = 4; lastKnownFileType = sourcecode.c.h; lineEnding = 0; path = PipelineProcessor.h; sourceTree = "<group>"; xcLanguageSpecificationIdentifier = xcode.lang.objcpp; };
		51CE2B931A8ECD9000B8E5B7 /* PipelineProcessor.m */ = {isa = PBXFileReference; fileEncoding = 4; lastKnownFileType = sourcecode.c.objc; lineEnding = 0; path = PipelineProcessor.m; sourceTree = "<group>"; xcLanguageSpecificationIdentifier = xcode.lang.objc; };
		51D584B919AB648000BB6CE6 /* InputSessionTcp.h */ = {isa = PBXFileReference; fileEncoding = 4; lastKnownFileType = sourcecode.c.h; path = InputSessionTcp.h; sourceTree = "<group>"; };
		51D584BA19AB648000BB6CE6 /* InputSessionTcp.m */ = {isa = PBXFileReference; fileEncoding = 4; lastKnownFileType = sourcecode.c.objc; path = InputSessionTcp.m; sourceTree = "<group>"; };
		51D584BC19AB649500BB6CE6 /* OutputSessionTcp.h */ = {isa = PBXFileReference; fileEncoding = 4; lastKnownFileType = sourcecode.c.h; lineEnding = 0; path = OutputSessionTcp.h; sourceTree = "<group>"; xcLanguageSpecificationIdentifier = xcode.lang.objcpp; };
		51D584BD19AB649500BB6CE6 /* OutputSessionTcp.m */ = {isa = PBXFileReference; fileEncoding = 4; lastKnownFileType = sourcecode.c.objc; path = OutputSessionTcp.m; sourceTree = "<group>"; };
		51D584BF19AB7A9400BB6CE6 /* ByteBuffer.h */ = {isa = PBXFileReference; fileEncoding = 4; lastKnownFileType = sourcecode.c.h; path = ByteBuffer.h; sourceTree = "<group>"; };
		51D584C019AB7A9400BB6CE6 /* ByteBuffer.m */ = {isa = PBXFileReference; fileEncoding = 4; lastKnownFileType = sourcecode.c.objc; path = ByteBuffer.m; sourceTree = "<group>"; };
		51D584C219AB8B1D00BB6CE6 /* ByteBufferTest.m */ = {isa = PBXFileReference; fileEncoding = 4; lastKnownFileType = sourcecode.c.objc; path = ByteBufferTest.m; sourceTree = "<group>"; };
		51D87CB01A8F7C1A00CE919E /* BatcherInput.h */ = {isa = PBXFileReference; fileEncoding = 4; lastKnownFileType = sourcecode.c.h; lineEnding = 0; path = BatcherInput.h; sourceTree = "<group>"; xcLanguageSpecificationIdentifier = xcode.lang.objcpp; };
		51D87CB11A8F7C1B00CE919E /* BatcherInput.m */ = {isa = PBXFileReference; fileEncoding = 4; lastKnownFileType = sourcecode.c.objc; lineEnding = 0; path = BatcherInput.m; sourceTree = "<group>"; xcLanguageSpecificationIdentifier = xcode.lang.objc; };
		51D87CB31A8F7C3000CE919E /* BatcherOutput.h */ = {isa = PBXFileReference; fileEncoding = 4; lastKnownFileType = sourcecode.c.h; lineEnding = 0; path = BatcherOutput.h; sourceTree = "<group>"; xcLanguageSpecificationIdentifier = xcode.lang.objcpp; };
		51D87CB41A8F7C3000CE919E /* BatcherOutput.m */ = {isa = PBXFileReference; fileEncoding = 4; lastKnownFileType = sourcecode.c.objc; lineEnding = 0; path = BatcherOutput.m; sourceTree = "<group>"; xcLanguageSpecificationIdentifier = xcode.lang.objc; };
		51DB961619A8E3D0001A63F8 /* ConnectionManagerTcp.h */ = {isa = PBXFileReference; fileEncoding = 4; lastKnownFileType = sourcecode.c.h; path = ConnectionManagerTcp.h; sourceTree = "<group>"; };
		51DB961719A8E3D0001A63F8 /* ConnectionManagerTcp.m */ = {isa = PBXFileReference; fileEncoding = 4; lastKnownFileType = sourcecode.c.objc; path = ConnectionManagerTcp.m; sourceTree = "<group>"; };
		51DB961919A8EE05001A63F8 /* ConnectionViewController.h */ = {isa = PBXFileReference; fileEncoding = 4; lastKnownFileType = sourcecode.c.h; lineEnding = 0; path = ConnectionViewController.h; sourceTree = "<group>"; xcLanguageSpecificationIdentifier = xcode.lang.objcpp; };
		51DB961A19A8EE05001A63F8 /* ConnectionViewController.m */ = {isa = PBXFileReference; fileEncoding = 4; lastKnownFileType = sourcecode.c.objc; path = ConnectionViewController.m; sourceTree = "<group>"; };
		51E1BF291A5DD7A4007D8A56 /* MediaController.h */ = {isa = PBXFileReference; fileEncoding = 4; lastKnownFileType = sourcecode.c.h; lineEnding = 0; path = MediaController.h; sourceTree = "<group>"; xcLanguageSpecificationIdentifier = xcode.lang.objcpp; };
		51E1BF2A1A5DD7A4007D8A56 /* MediaController.m */ = {isa = PBXFileReference; fileEncoding = 4; lastKnownFileType = sourcecode.c.objc; path = MediaController.m; sourceTree = "<group>"; };
		51E219DB193B2D190066D915 /* Storyboard.storyboard */ = {isa = PBXFileReference; fileEncoding = 4; lastKnownFileType = file.storyboard; path = Storyboard.storyboard; sourceTree = "<group>"; };
		51E5BE1E1936A982003E45C3 /* Spawn.app */ = {isa = PBXFileReference; explicitFileType = wrapper.application; includeInIndex = 0; path = Spawn.app; sourceTree = BUILT_PRODUCTS_DIR; };
		51E5BE211936A982003E45C3 /* Foundation.framework */ = {isa = PBXFileReference; lastKnownFileType = wrapper.framework; name = Foundation.framework; path = System/Library/Frameworks/Foundation.framework; sourceTree = SDKROOT; };
		51E5BE231936A982003E45C3 /* CoreGraphics.framework */ = {isa = PBXFileReference; lastKnownFileType = wrapper.framework; name = CoreGraphics.framework; path = System/Library/Frameworks/CoreGraphics.framework; sourceTree = SDKROOT; };
		51E5BE251936A982003E45C3 /* UIKit.framework */ = {isa = PBXFileReference; lastKnownFileType = wrapper.framework; name = UIKit.framework; path = System/Library/Frameworks/UIKit.framework; sourceTree = SDKROOT; };
		51E5BE291936A982003E45C3 /* Spawn-Info.plist */ = {isa = PBXFileReference; lastKnownFileType = text.plist.xml; path = "Spawn-Info.plist"; sourceTree = "<group>"; };
		51E5BE2B1936A982003E45C3 /* en */ = {isa = PBXFileReference; lastKnownFileType = text.plist.strings; name = en; path = en.lproj/InfoPlist.strings; sourceTree = "<group>"; };
		51E5BE2D1936A982003E45C3 /* main.m */ = {isa = PBXFileReference; lastKnownFileType = sourcecode.c.objc; path = main.m; sourceTree = "<group>"; };
		51E5BE2F1936A982003E45C3 /* Spawn-Prefix.pch */ = {isa = PBXFileReference; lastKnownFileType = sourcecode.c.h; path = "Spawn-Prefix.pch"; sourceTree = "<group>"; };
		51E5BE301936A982003E45C3 /* MJPAppDelegate.h */ = {isa = PBXFileReference; lastKnownFileType = sourcecode.c.h; path = MJPAppDelegate.h; sourceTree = "<group>"; };
		51E5BE311936A982003E45C3 /* MJPAppDelegate.m */ = {isa = PBXFileReference; lastKnownFileType = sourcecode.c.objc; path = MJPAppDelegate.m; sourceTree = "<group>"; };
		51E5BE331936A982003E45C3 /* Images.xcassets */ = {isa = PBXFileReference; lastKnownFileType = folder.assetcatalog; path = Images.xcassets; sourceTree = "<group>"; };
		51E5BE391936A982003E45C3 /* SpawnTests.xctest */ = {isa = PBXFileReference; explicitFileType = wrapper.cfbundle; includeInIndex = 0; path = SpawnTests.xctest; sourceTree = BUILT_PRODUCTS_DIR; };
		51E5BE3A1936A982003E45C3 /* XCTest.framework */ = {isa = PBXFileReference; lastKnownFileType = wrapper.framework; name = XCTest.framework; path = Library/Frameworks/XCTest.framework; sourceTree = DEVELOPER_DIR; };
		51E5BE421936A982003E45C3 /* SpawnTests-Info.plist */ = {isa = PBXFileReference; lastKnownFileType = text.plist.xml; path = "SpawnTests-Info.plist"; sourceTree = "<group>"; };
		51E5BE441936A982003E45C3 /* en */ = {isa = PBXFileReference; lastKnownFileType = text.plist.strings; name = en; path = en.lproj/InfoPlist.strings; sourceTree = "<group>"; };
		51E5BE461936A982003E45C3 /* MyFirstApplicationTests.m */ = {isa = PBXFileReference; lastKnownFileType = sourcecode.c.objc; path = MyFirstApplicationTests.m; sourceTree = "<group>"; };
		51E5BE7F1ABD03FD003E035C /* EncodingPipe.h */ = {isa = PBXFileReference; fileEncoding = 4; lastKnownFileType = sourcecode.c.h; path = EncodingPipe.h; sourceTree = "<group>"; };
		51E5BE801ABD03FD003E035C /* EncodingPipe.m */ = {isa = PBXFileReference; fileEncoding = 4; lastKnownFileType = sourcecode.c.objc; path = EncodingPipe.m; sourceTree = "<group>"; };
		51E5BE821ABD0450003E035C /* DecodingPipe.h */ = {isa = PBXFileReference; fileEncoding = 4; lastKnownFileType = sourcecode.c.h; path = DecodingPipe.h; sourceTree = "<group>"; };
		51E5BE831ABD0450003E035C /* DecodingPipe.m */ = {isa = PBXFileReference; fileEncoding = 4; lastKnownFileType = sourcecode.c.objc; path = DecodingPipe.m; sourceTree = "<group>"; };
		51E8889F1A597585005F8825 /* Signal.h */ = {isa = PBXFileReference; fileEncoding = 4; lastKnownFileType = sourcecode.c.h; path = Signal.h; sourceTree = "<group>"; };
		51E888A01A597585005F8825 /* Signal.m */ = {isa = PBXFileReference; fileEncoding = 4; lastKnownFileType = sourcecode.c.objc; path = Signal.m; sourceTree = "<group>"; };
		51E888A31A59DFB8005F8825 /* VIdeoEncoding.h */ = {isa = PBXFileReference; fileEncoding = 4; lastKnownFileType = sourcecode.c.h; path = VIdeoEncoding.h; sourceTree = "<group>"; };
		51E888A41A59DFB8005F8825 /* VIdeoEncoding.m */ = {isa = PBXFileReference; fileEncoding = 4; lastKnownFileType = sourcecode.c.objc; path = VIdeoEncoding.m; sourceTree = "<group>"; };
		51FBE0421AF66AF3009115AE /* ActivityMonitor.h */ = {isa = PBXFileReference; fileEncoding = 4; lastKnownFileType = sourcecode.c.h; path = ActivityMonitor.h; sourceTree = "<group>"; };
		51FBE0431AF66AF3009115AE /* ActivityMonitor.m */ = {isa = PBXFileReference; fileEncoding = 4; lastKnownFileType = sourcecode.c.objc; path = ActivityMonitor.m; sourceTree = "<group>"; };
		51FE7E0A1B3C85EF00FF27F3 /* ConnectionGovernorNatPunchthrough.h */ = {isa = PBXFileReference; fileEncoding = 4; lastKnownFileType = sourcecode.c.h; path = ConnectionGovernorNatPunchthrough.h; sourceTree = "<group>"; };
		51FE7E0B1B3C85EF00FF27F3 /* ConnectionGovernorNatPunchthrough.m */ = {isa = PBXFileReference; fileEncoding = 4; lastKnownFileType = sourcecode.c.objc; path = ConnectionGovernorNatPunchthrough.m; sourceTree = "<group>"; };
		51FF00511B52E54100D6AF33 /* SocialState.h */ = {isa = PBXFileReference; fileEncoding = 4; lastKnownFileType = sourcecode.c.h; path = SocialState.h; sourceTree = "<group>"; };
		51FF00521B52E54100D6AF33 /* SocialState.m */ = {isa = PBXFileReference; fileEncoding = 4; lastKnownFileType = sourcecode.c.objc; path = SocialState.m; sourceTree = "<group>"; };
		D5D610546CB5BFA2EC52AFD5 /* Threading.m */ = {isa = PBXFileReference; fileEncoding = 4; lastKnownFileType = sourcecode.c.objc; path = Threading.m; sourceTree = "<group>"; };
		D5D610A89DF4541DD9D12B97 /* CustomNavigationController.h */ = {isa = PBXFileReference; fileEncoding = 4; lastKnownFileType = sourcecode.c.h; path = CustomNavigationController.h; sourceTree = "<group>"; };
		D5D61109DD409D89A9B6D01A /* DelayedPipe.m */ = {isa = PBXFileReference; fileEncoding = 4; lastKnownFileType = sourcecode.c.objc; path = DelayedPipe.m; sourceTree = "<group>"; };
		D5D612CDFF7D57CACE8B1BE6 /* AccessDialog.h */ = {isa = PBXFileReference; fileEncoding = 4; lastKnownFileType = sourcecode.c.h; path = AccessDialog.h; sourceTree = "<group>"; };
		D5D61361F43525D3DF93DCE0 /* Orientation.m */ = {isa = PBXFileReference; fileEncoding = 4; lastKnownFileType = sourcecode.c.objc; path = Orientation.m; sourceTree = "<group>"; };
		D5D613E4FBE39B0477D98486 /* TimedGapEventTracker.h */ = {isa = PBXFileReference; fileEncoding = 4; lastKnownFileType = sourcecode.c.h; path = TimedGapEventTracker.h; sourceTree = "<group>"; };
		D5D6153226E3E1A425BAF293 /* DelayedPipe.h */ = {isa = PBXFileReference; fileEncoding = 4; lastKnownFileType = sourcecode.c.h; path = DelayedPipe.h; sourceTree = "<group>"; };
		D5D615F63C69FA0011332EF8 /* AverageTracker.m */ = {isa = PBXFileReference; fileEncoding = 4; lastKnownFileType = sourcecode.c.objc; path = AverageTracker.m; sourceTree = "<group>"; };
		D5D617E1AB2467E773411B25 /* MediaShared.h */ = {isa = PBXFileReference; fileEncoding = 4; lastKnownFileType = sourcecode.c.h; path = MediaShared.h; sourceTree = "<group>"; };
		D5D619B9B74C7F1DF1AAC7AB /* TimedGapEventTracker.m */ = {isa = PBXFileReference; fileEncoding = 4; lastKnownFileType = sourcecode.c.objc; path = TimedGapEventTracker.m; sourceTree = "<group>"; };
		D5D61A6B1DCCCED8F72F6EFD /* Orientation.h */ = {isa = PBXFileReference; fileEncoding = 4; lastKnownFileType = sourcecode.c.h; path = Orientation.h; sourceTree = "<group>"; };
		D5D61A72597479299B065AE4 /* CustomNavigationController.m */ = {isa = PBXFileReference; fileEncoding = 4; lastKnownFileType = sourcecode.c.objc; path = CustomNavigationController.m; sourceTree = "<group>"; };
		D5D61A9D2F7039076A85F3A0 /* AverageTracker.h */ = {isa = PBXFileReference; fileEncoding = 4; lastKnownFileType = sourcecode.c.h; path = AverageTracker.h; sourceTree = "<group>"; };
		D5D61D7435CE35550C2AB293 /* AccessDialog.m */ = {isa = PBXFileReference; fileEncoding = 4; lastKnownFileType = sourcecode.c.objc; path = AccessDialog.m; sourceTree = "<group>"; };
		D5D61DCE61D1A8B9C8957FE1 /* Threading.h */ = {isa = PBXFileReference; fileEncoding = 4; lastKnownFileType = sourcecode.c.h; path = Threading.h; sourceTree = "<group>"; };
		D5D61F6FC82188C4EC56BEA1 /* MediaShared.m */ = {isa = PBXFileReference; fileEncoding = 4; lastKnownFileType = sourcecode.c.objc; path = MediaShared.m; sourceTree = "<group>"; };
/* End PBXFileReference section */

/* Begin PBXFrameworksBuildPhase section */
		51E5BE1B1936A982003E45C3 /* Frameworks */ = {
			isa = PBXFrameworksBuildPhase;
			buildActionMask = 2147483647;
			files = (
				5109583B1BB32C5800319FA9 /* iAd.framework in Frameworks */,
				511E725B1B544484006F8D9A /* CoreLocation.framework in Frameworks */,
				511EB6631B4B01C7000E287F /* FBSDKShareKit.framework in Frameworks */,
				51E5BE241936A982003E45C3 /* CoreGraphics.framework in Frameworks */,
				511EB65A1B4AFE0D000E287F /* FBSDKCoreKit.framework in Frameworks */,
				511EB65B1B4AFE0D000E287F /* FBSDKLoginKit.framework in Frameworks */,
				511EB6601B4B01C7000E287F /* Bolts.framework in Frameworks */,
				51E5BE261936A982003E45C3 /* UIKit.framework in Frameworks */,
				511EB6621B4B01C7000E287F /* FBAudienceNetwork.framework in Frameworks */,
				51E5BE221936A982003E45C3 /* Foundation.framework in Frameworks */,
			);
			runOnlyForDeploymentPostprocessing = 0;
		};
		51E5BE361936A982003E45C3 /* Frameworks */ = {
			isa = PBXFrameworksBuildPhase;
			buildActionMask = 2147483647;
			files = (
				51E5BE3B1936A982003E45C3 /* XCTest.framework in Frameworks */,
				51E5BE3D1936A982003E45C3 /* UIKit.framework in Frameworks */,
				51E5BE3C1936A982003E45C3 /* Foundation.framework in Frameworks */,
			);
			runOnlyForDeploymentPostprocessing = 0;
		};
/* End PBXFrameworksBuildPhase section */

/* Begin PBXGroup section */
		5103D29F1B55958D00B9593C /* Quark */ = {
			isa = PBXGroup;
			children = (
				5103D2A01B55960B00B9593C /* QuarkLogin.h */,
				5103D2A11B55960B00B9593C /* QuarkLogin.m */,
			);
			name = Quark;
			sourceTree = "<group>";
		};
		511605F71B3EEFAD0071A183 /* Pipeline */ = {
			isa = PBXGroup;
			children = (
				51CE2B921A8ECD9000B8E5B7 /* PipelineProcessor.h */,
				51CE2B931A8ECD9000B8E5B7 /* PipelineProcessor.m */,
				51E5BE7F1ABD03FD003E035C /* EncodingPipe.h */,
				51E5BE801ABD03FD003E035C /* EncodingPipe.m */,
				51E5BE821ABD0450003E035C /* DecodingPipe.h */,
				51E5BE831ABD0450003E035C /* DecodingPipe.m */,
				51197AFB1B134D72006A7AEE /* ThrottledPipe.h */,
				51197AFC1B134D72006A7AEE /* ThrottledPipe.m */,
				D5D61109DD409D89A9B6D01A /* DelayedPipe.m */,
				D5D6153226E3E1A425BAF293 /* DelayedPipe.h */,
			);
			name = Pipeline;
			sourceTree = "<group>";
		};
		519227E01BAEC49400DC3C53 /* Storyboard */ = {
			isa = PBXGroup;
			children = (
				51DB961919A8EE05001A63F8 /* ConnectionViewController.h */,
				51DB961A19A8EE05001A63F8 /* ConnectionViewController.m */,
				511EB6641B4B0419000E287F /* FacebookLoginViewController.h */,
				511EB6651B4B0419000E287F /* FacebookLoginViewController.m */,
				51E219DB193B2D190066D915 /* Storyboard.storyboard */,
				510F6DF71BA74C1800D2AF48 /* AlertViewController.h */,
				510F6DF81BA74C1800D2AF48 /* AlertViewController.m */,
				D5D61A72597479299B065AE4 /* CustomNavigationController.m */,
				D5D610A89DF4541DD9D12B97 /* CustomNavigationController.h */,
				D5D61361F43525D3DF93DCE0 /* Orientation.m */,
				D5D61A6B1DCCCED8F72F6EFD /* Orientation.h */,
			);
			name = Storyboard;
			sourceTree = "<group>";
		};
		51BDB1471A6F0E2A00E0DA49 /* TCP */ = {
			isa = PBXGroup;
			children = (
				51DB961719A8E3D0001A63F8 /* ConnectionManagerTcp.m */,
				51DB961619A8E3D0001A63F8 /* ConnectionManagerTcp.h */,
				51D584B919AB648000BB6CE6 /* InputSessionTcp.h */,
				51D584BA19AB648000BB6CE6 /* InputSessionTcp.m */,
				51D584BC19AB649500BB6CE6 /* OutputSessionTcp.h */,
				51D584BD19AB649500BB6CE6 /* OutputSessionTcp.m */,
			);
			name = TCP;
			sourceTree = "<group>";
		};
		51BDB1481A6F0E3A00E0DA49 /* UDP */ = {
			isa = PBXGroup;
			children = (
				51C3F13D1A6C4388004040BB /* ConnectionManagerUdp.h */,
				51C3F13E1A6C4388004040BB /* ConnectionManagerUdp.m */,
			);
			name = UDP;
			sourceTree = "<group>";
		};
		51BDB14C1A6F0E8E00E0DA49 /* Base */ = {
			isa = PBXGroup;
			children = (
				51D584BF19AB7A9400BB6CE6 /* ByteBuffer.h */,
				51D584C019AB7A9400BB6CE6 /* ByteBuffer.m */,
				51BDB1491A6F0E7E00E0DA49 /* InputSessionBase.h */,
				51BDB14D1A6F121400E0DA49 /* ConnectionManagerBase.h */,
				511605F31B3EBE5D0071A183 /* NetworkUtility.h */,
				511605F41B3EBE5D0071A183 /* NetworkUtility.m */,
			);
			name = Base;
			sourceTree = "<group>";
		};
		51CE2B911A8ECD6B00B8E5B7 /* Batching */ = {
			isa = PBXGroup;
			children = (
				51D87CB01A8F7C1A00CE919E /* BatcherInput.h */,
				51D87CB11A8F7C1B00CE919E /* BatcherInput.m */,
				51D87CB31A8F7C3000CE919E /* BatcherOutput.h */,
				51D87CB41A8F7C3000CE919E /* BatcherOutput.m */,
				51C18D291A9A3882000C42A8 /* Batch.h */,
				51C18D2A1A9A3882000C42A8 /* Batch.m */,
			);
			name = Batching;
			sourceTree = "<group>";
		};
		51D584B819AB63FB00BB6CE6 /* Networking */ = {
			isa = PBXGroup;
			children = (
				5103D29F1B55958D00B9593C /* Quark */,
				511605F71B3EEFAD0071A183 /* Pipeline */,
				51CE2B911A8ECD6B00B8E5B7 /* Batching */,
				51E1BF281A5DD5C0007D8A56 /* Protocol */,
				51E1BF271A5DD5A6007D8A56 /* Generic */,
			);
			name = Networking;
			sourceTree = "<group>";
		};
		51E1BF271A5DD5A6007D8A56 /* Generic */ = {
			isa = PBXGroup;
			children = (
				51BDB14C1A6F0E8E00E0DA49 /* Base */,
				51BDB1481A6F0E3A00E0DA49 /* UDP */,
				51BDB1471A6F0E2A00E0DA49 /* TCP */,
			);
			name = Generic;
			sourceTree = "<group>";
		};
		51E1BF281A5DD5C0007D8A56 /* Protocol */ = {
			isa = PBXGroup;
			children = (
				511605F61B3EEF8C0071A183 /* ConnectionGovernor.h */,
				511949331B3FFF8F00314436 /* ConnectionGovernor.m */,
				51E1BF291A5DD7A4007D8A56 /* MediaController.h */,
				51E1BF2A1A5DD7A4007D8A56 /* MediaController.m */,
				51BF42521A750CDB00C16F9A /* ConnectionGovernorProtocol.h */,
				51BF42531A750CDB00C16F9A /* ConnectionGovernorProtocol.m */,
				51197B011B136CC3006A7AEE /* VideoOutputController.h */,
				51197B021B136CC3006A7AEE /* VideoOutputController.m */,
				51197B041B137468006A7AEE /* NetworkOperations.h */,
				51FE7E0A1B3C85EF00FF27F3 /* ConnectionGovernorNatPunchthrough.h */,
				51FE7E0B1B3C85EF00FF27F3 /* ConnectionGovernorNatPunchthrough.m */,
				51260FD21B47F60F001DE2B3 /* ConnectionCommander.h */,
				51260FD31B47F60F001DE2B3 /* ConnectionCommander.m */,
				5103D29C1B5594F200B9593C /* LoginProvider.h */,
			);
			name = Protocol;
			sourceTree = "<group>";
		};
		51E5BE151936A982003E45C3 = {
			isa = PBXGroup;
			children = (
				51E5BE271936A982003E45C3 /* MyFirstApplication */,
				51E5BE401936A982003E45C3 /* MyFirstApplicationTests */,
				51E5BE201936A982003E45C3 /* Frameworks */,
				51E5BE1F1936A982003E45C3 /* Products */,
			);
			sourceTree = "<group>";
		};
		51E5BE1F1936A982003E45C3 /* Products */ = {
			isa = PBXGroup;
			children = (
				51E5BE1E1936A982003E45C3 /* Spawn.app */,
				51E5BE391936A982003E45C3 /* SpawnTests.xctest */,
			);
			name = Products;
			sourceTree = "<group>";
		};
		51E5BE201936A982003E45C3 /* Frameworks */ = {
			isa = PBXGroup;
			children = (
				511E725C1B544497006F8D9A /* CoreLocation.framework */,
				511EB65C1B4B01C7000E287F /* Bolts.framework */,
				511EB65D1B4B01C7000E287F /* FacebookSDKStrings.bundle */,
				511EB65E1B4B01C7000E287F /* FBAudienceNetwork.framework */,
				511EB65F1B4B01C7000E287F /* FBSDKShareKit.framework */,
				511EB6581B4AFE0D000E287F /* FBSDKCoreKit.framework */,
				511EB6591B4AFE0D000E287F /* FBSDKLoginKit.framework */,
				5109583A1BB32C5800319FA9 /* iAd.framework */,
				511E725A1B544484006F8D9A /* CoreLocation.framework */,
				51E5BE211936A982003E45C3 /* Foundation.framework */,
				51E5BE231936A982003E45C3 /* CoreGraphics.framework */,
				51E5BE251936A982003E45C3 /* UIKit.framework */,
				51E5BE3A1936A982003E45C3 /* XCTest.framework */,
			);
			name = Frameworks;
			sourceTree = "<group>";
		};
		51E5BE271936A982003E45C3 /* MyFirstApplication */ = {
			isa = PBXGroup;
			children = (
				51E5BE301936A982003E45C3 /* MJPAppDelegate.h */,
				51E5BE311936A982003E45C3 /* MJPAppDelegate.m */,
				51E5BE331936A982003E45C3 /* Images.xcassets */,
				51E5BE281936A982003E45C3 /* Supporting Files */,
			);
			path = MyFirstApplication;
			sourceTree = "<group>";
		};
		51E5BE281936A982003E45C3 /* Supporting Files */ = {
			isa = PBXGroup;
			children = (
				519227E01BAEC49400DC3C53 /* Storyboard */,
				51FF00501B52E52000D6AF33 /* UserState */,
				51E888A21A59DF8F005F8825 /* Media */,
				51E8889E1A59755D005F8825 /* Util */,
				51D584B819AB63FB00BB6CE6 /* Networking */,
				51E5BE291936A982003E45C3 /* Spawn-Info.plist */,
				51E5BE2A1936A982003E45C3 /* InfoPlist.strings */,
				51E5BE2D1936A982003E45C3 /* main.m */,
				51E5BE2F1936A982003E45C3 /* Spawn-Prefix.pch */,
				5109D3A71C1606FE003EAA33 /* icon_120.png */,
				51865D2C1C1C438A008836E7 /* iphone5_launchscreen.png */,
			);
			name = "Supporting Files";
			sourceTree = "<group>";
		};
		51E5BE401936A982003E45C3 /* MyFirstApplicationTests */ = {
			isa = PBXGroup;
			children = (
				51E5BE461936A982003E45C3 /* MyFirstApplicationTests.m */,
				51E5BE411936A982003E45C3 /* Supporting Files */,
			);
			path = MyFirstApplicationTests;
			sourceTree = "<group>";
		};
		51E5BE411936A982003E45C3 /* Supporting Files */ = {
			isa = PBXGroup;
			children = (
				51E5BE421936A982003E45C3 /* SpawnTests-Info.plist */,
				51E5BE431936A982003E45C3 /* InfoPlist.strings */,
				51D584C219AB8B1D00BB6CE6 /* ByteBufferTest.m */,
			);
			name = "Supporting Files";
			sourceTree = "<group>";
		};
		51E8889E1A59755D005F8825 /* Util */ = {
			isa = PBXGroup;
			children = (
				51FBE0421AF66AF3009115AE /* ActivityMonitor.h */,
				51FBE0431AF66AF3009115AE /* ActivityMonitor.m */,
				51E8889F1A597585005F8825 /* Signal.h */,
				51E888A01A597585005F8825 /* Signal.m */,
				51C263891AB45CE400285C6E /* BlockingQueue.h */,
				51C2638A1AB45CE400285C6E /* BlockingQueue.m */,
				519573021AEBEB26000247E1 /* EventTracker.h */,
				519573031AEBEB26000247E1 /* EventTracker.m */,
				51197AF81B132D6F006A7AEE /* Timer.h */,
				51197AF91B132D6F006A7AEE /* Timer.m */,
				51197AFE1B1350B1006A7AEE /* ThrottledBlock.h */,
				51197AFF1B1350B1006A7AEE /* ThrottledBlock.m */,
				51197B051B13AAAD006A7AEE /* TimedEventTracker.h */,
				51197B061B13AAAD006A7AEE /* TimedEventTracker.m */,
				D5D619B9B74C7F1DF1AAC7AB /* TimedGapEventTracker.m */,
				D5D613E4FBE39B0477D98486 /* TimedGapEventTracker.h */,
				D5D615F63C69FA0011332EF8 /* AverageTracker.m */,
				D5D61A9D2F7039076A85F3A0 /* AverageTracker.h */,
				D5D610546CB5BFA2EC52AFD5 /* Threading.m */,
				D5D61DCE61D1A8B9C8957FE1 /* Threading.h */,
				D5D612CDFF7D57CACE8B1BE6 /* AccessDialog.h */,
				D5D61D7435CE35550C2AB293 /* AccessDialog.m */,
			);
			name = Util;
			sourceTree = "<group>";
		};
		51E888A21A59DF8F005F8825 /* Media */ = {
			isa = PBXGroup;
			children = (
				51E888A31A59DFB8005F8825 /* VIdeoEncoding.h */,
				51E888A41A59DFB8005F8825 /* VIdeoEncoding.m */,
				513205E51AAE4CA600C80AD9 /* SoundMicrophone.h */,
				513205E61AAE4CA600C80AD9 /* SoundMicrophone.m */,
				51C263831AB450E600285C6E /* SoundPlayback.h */,
				51C263841AB450E600285C6E /* SoundPlayback.m */,
				51C263861AB4545000285C6E /* SoundEncodingShared.h */,
				51C263871AB4545000285C6E /* SoundEncodingShared.m */,
				D5D61F6FC82188C4EC56BEA1 /* MediaShared.m */,
				D5D617E1AB2467E773411B25 /* MediaShared.h */,
			);
			name = Media;
			sourceTree = "<group>";
		};
		51FF00501B52E52000D6AF33 /* UserState */ = {
			isa = PBXGroup;
			children = (
				51FF00511B52E54100D6AF33 /* SocialState.h */,
				51FF00521B52E54100D6AF33 /* SocialState.m */,
				511E725E1B5444CA006F8D9A /* GpsState.h */,
				511E725F1B5444CA006F8D9A /* GpsState.m */,
			);
			name = UserState;
			sourceTree = "<group>";
		};
/* End PBXGroup section */

/* Begin PBXNativeTarget section */
		51E5BE1D1936A982003E45C3 /* Spawn */ = {
			isa = PBXNativeTarget;
			buildConfigurationList = 51E5BE4A1936A982003E45C3 /* Build configuration list for PBXNativeTarget "Spawn" */;
			buildPhases = (
				51E5BE1A1936A982003E45C3 /* Sources */,
				51E5BE1B1936A982003E45C3 /* Frameworks */,
				51E5BE1C1936A982003E45C3 /* Resources */,
			);
			buildRules = (
			);
			dependencies = (
			);
			name = Spawn;
			productName = MyFirstApplication;
			productReference = 51E5BE1E1936A982003E45C3 /* Spawn.app */;
			productType = "com.apple.product-type.application";
		};
		51E5BE381936A982003E45C3 /* SpawnTests */ = {
			isa = PBXNativeTarget;
			buildConfigurationList = 51E5BE4D1936A982003E45C3 /* Build configuration list for PBXNativeTarget "SpawnTests" */;
			buildPhases = (
				51E5BE351936A982003E45C3 /* Sources */,
				51E5BE361936A982003E45C3 /* Frameworks */,
				51E5BE371936A982003E45C3 /* Resources */,
			);
			buildRules = (
			);
			dependencies = (
				51E5BE3F1936A982003E45C3 /* PBXTargetDependency */,
			);
			name = SpawnTests;
			productName = MyFirstApplicationTests;
			productReference = 51E5BE391936A982003E45C3 /* SpawnTests.xctest */;
			productType = "com.apple.product-type.bundle.unit-test";
		};
/* End PBXNativeTarget section */

/* Begin PBXProject section */
		51E5BE161936A982003E45C3 /* Project object */ = {
			isa = PBXProject;
			attributes = {
				CLASSPREFIX = MJP;
				LastUpgradeCheck = 0720;
				TargetAttributes = {
					51E5BE1D1936A982003E45C3 = {
						DevelopmentTeam = Q6XP93Q965;
					};
					51E5BE381936A982003E45C3 = {
						TestTargetID = 51E5BE1D1936A982003E45C3;
					};
				};
			};
			buildConfigurationList = 51E5BE191936A982003E45C3 /* Build configuration list for PBXProject "Spawn" */;
			compatibilityVersion = "Xcode 6.3";
			developmentRegion = English;
			hasScannedForEncodings = 0;
			knownRegions = (
				en,
			);
			mainGroup = 51E5BE151936A982003E45C3;
			productRefGroup = 51E5BE1F1936A982003E45C3 /* Products */;
			projectDirPath = "";
			projectRoot = "";
			targets = (
				51E5BE1D1936A982003E45C3 /* Spawn */,
				51E5BE381936A982003E45C3 /* SpawnTests */,
			);
		};
/* End PBXProject section */

/* Begin PBXResourcesBuildPhase section */
		51E5BE1C1936A982003E45C3 /* Resources */ = {
			isa = PBXResourcesBuildPhase;
			buildActionMask = 2147483647;
			files = (
				51E5BE2C1936A982003E45C3 /* InfoPlist.strings in Resources */,
				5109D3A81C1606FE003EAA33 /* icon_120.png in Resources */,
				51E5BE341936A982003E45C3 /* Images.xcassets in Resources */,
				51E219DC193B2D190066D915 /* Storyboard.storyboard in Resources */,
				511EB6611B4B01C7000E287F /* FacebookSDKStrings.bundle in Resources */,
				51865D2D1C1C438A008836E7 /* iphone5_launchscreen.png in Resources */,
			);
			runOnlyForDeploymentPostprocessing = 0;
		};
		51E5BE371936A982003E45C3 /* Resources */ = {
			isa = PBXResourcesBuildPhase;
			buildActionMask = 2147483647;
			files = (
				51E5BE451936A982003E45C3 /* InfoPlist.strings in Resources */,
			);
			runOnlyForDeploymentPostprocessing = 0;
		};
/* End PBXResourcesBuildPhase section */

/* Begin PBXSourcesBuildPhase section */
		51E5BE1A1936A982003E45C3 /* Sources */ = {
			isa = PBXSourcesBuildPhase;
			buildActionMask = 2147483647;
			files = (
				51C18D2B1A9A3882000C42A8 /* Batch.m in Sources */,
				51DB961B19A8EE05001A63F8 /* ConnectionViewController.m in Sources */,
				51E888A11A597585005F8825 /* Signal.m in Sources */,
				51C263851AB450E600285C6E /* SoundPlayback.m in Sources */,
				51E888A51A59DFB8005F8825 /* VIdeoEncoding.m in Sources */,
				510F6DF91BA74C1800D2AF48 /* AlertViewController.m in Sources */,
				51E1BF2B1A5DD7A4007D8A56 /* MediaController.m in Sources */,
				511EB6661B4B0419000E287F /* FacebookLoginViewController.m in Sources */,
				5103D2A21B55960B00B9593C /* QuarkLogin.m in Sources */,
				51FBE0441AF66AF3009115AE /* ActivityMonitor.m in Sources */,
				511E72601B5444CA006F8D9A /* GpsState.m in Sources */,
				51E5BE811ABD03FD003E035C /* EncodingPipe.m in Sources */,
				51D87CB51A8F7C3000CE919E /* BatcherOutput.m in Sources */,
				511605F51B3EBE5D0071A183 /* NetworkUtility.m in Sources */,
				51197B071B13AAAD006A7AEE /* TimedEventTracker.m in Sources */,
				51D584C119AB7A9400BB6CE6 /* ByteBuffer.m in Sources */,
				51D87CB21A8F7C1B00CE919E /* BatcherInput.m in Sources */,
				51D584BE19AB649500BB6CE6 /* OutputSessionTcp.m in Sources */,
				51C263881AB4545000285C6E /* SoundEncodingShared.m in Sources */,
				51BF42541A750CDB00C16F9A /* ConnectionGovernorProtocol.m in Sources */,
				51197AFD1B134D72006A7AEE /* ThrottledPipe.m in Sources */,
				511949341B3FFF8F00314436 /* ConnectionGovernor.m in Sources */,
				51197B001B1350B1006A7AEE /* ThrottledBlock.m in Sources */,
				51DB961819A8E3D0001A63F8 /* ConnectionManagerTcp.m in Sources */,
				51C2638B1AB45CE400285C6E /* BlockingQueue.m in Sources */,
				51CE2B941A8ECD9100B8E5B7 /* PipelineProcessor.m in Sources */,
				51FE7E0C1B3C85EF00FF27F3 /* ConnectionGovernorNatPunchthrough.m in Sources */,
				51E5BE321936A982003E45C3 /* MJPAppDelegate.m in Sources */,
				513205E71AAE4CA600C80AD9 /* SoundMicrophone.m in Sources */,
				51260FD41B47F60F001DE2B3 /* ConnectionCommander.m in Sources */,
				51197B031B136CC3006A7AEE /* VideoOutputController.m in Sources */,
				51C3F13F1A6C4388004040BB /* ConnectionManagerUdp.m in Sources */,
				51D584BB19AB648000BB6CE6 /* InputSessionTcp.m in Sources */,
				51E5BE841ABD0450003E035C /* DecodingPipe.m in Sources */,
				51FF00531B52E54100D6AF33 /* SocialState.m in Sources */,
				519573041AEBEB26000247E1 /* EventTracker.m in Sources */,
				51E5BE2E1936A982003E45C3 /* main.m in Sources */,
				51197AFA1B132D6F006A7AEE /* Timer.m in Sources */,
				D5D6109C65D00FC0470BFE1E /* DelayedPipe.m in Sources */,
				D5D6106701B2CF963A8085AA /* MediaShared.m in Sources */,
				D5D61065DF0FE43CD8139FEE /* TimedGapEventTracker.m in Sources */,
				D5D61138250F5B15745691AF /* AverageTracker.m in Sources */,
				D5D61CBB3513E39935B73FDC /* CustomNavigationController.m in Sources */,
				D5D614CA16CE4BB1DA691742 /* Threading.m in Sources */,
				D5D6192DFC855EFECF623757 /* AccessDialog.m in Sources */,
				D5D61487C694F7BDD0E86A7C /* Orientation.m in Sources */,
			);
			runOnlyForDeploymentPostprocessing = 0;
		};
		51E5BE351936A982003E45C3 /* Sources */ = {
			isa = PBXSourcesBuildPhase;
			buildActionMask = 2147483647;
			files = (
				51E5BE471936A982003E45C3 /* MyFirstApplicationTests.m in Sources */,
				51D584C319AB8B1D00BB6CE6 /* ByteBufferTest.m in Sources */,
			);
			runOnlyForDeploymentPostprocessing = 0;
		};
/* End PBXSourcesBuildPhase section */

/* Begin PBXTargetDependency section */
		51E5BE3F1936A982003E45C3 /* PBXTargetDependency */ = {
			isa = PBXTargetDependency;
			target = 51E5BE1D1936A982003E45C3 /* Spawn */;
			targetProxy = 51E5BE3E1936A982003E45C3 /* PBXContainerItemProxy */;
		};
/* End PBXTargetDependency section */

/* Begin PBXVariantGroup section */
		51E5BE2A1936A982003E45C3 /* InfoPlist.strings */ = {
			isa = PBXVariantGroup;
			children = (
				51E5BE2B1936A982003E45C3 /* en */,
			);
			name = InfoPlist.strings;
			sourceTree = "<group>";
		};
		51E5BE431936A982003E45C3 /* InfoPlist.strings */ = {
			isa = PBXVariantGroup;
			children = (
				51E5BE441936A982003E45C3 /* en */,
			);
			name = InfoPlist.strings;
			sourceTree = "<group>";
		};
/* End PBXVariantGroup section */

/* Begin XCBuildConfiguration section */
		51E5BE481936A982003E45C3 /* Debug */ = {
			isa = XCBuildConfiguration;
			buildSettings = {
				ALWAYS_SEARCH_USER_PATHS = NO;
				CLANG_CXX_LANGUAGE_STANDARD = "gnu++0x";
				CLANG_CXX_LIBRARY = "libc++";
				CLANG_ENABLE_MODULES = YES;
				CLANG_ENABLE_OBJC_ARC = YES;
				CLANG_WARN_BOOL_CONVERSION = YES;
				CLANG_WARN_CONSTANT_CONVERSION = YES;
				CLANG_WARN_DIRECT_OBJC_ISA_USAGE = YES_ERROR;
				CLANG_WARN_EMPTY_BODY = YES;
				CLANG_WARN_ENUM_CONVERSION = YES;
				CLANG_WARN_INT_CONVERSION = YES;
				CLANG_WARN_OBJC_ROOT_CLASS = YES_ERROR;
				CLANG_WARN__DUPLICATE_METHOD_MATCH = YES;
				"CODE_SIGN_IDENTITY[sdk=iphoneos*]" = "iPhone Developer";
				COPY_PHASE_STRIP = NO;
				DEPLOYMENT_POSTPROCESSING = YES;
				ENABLE_TESTABILITY = YES;
				GCC_C_LANGUAGE_STANDARD = gnu99;
				GCC_DYNAMIC_NO_PIC = NO;
				GCC_OPTIMIZATION_LEVEL = 0;
				GCC_PREPROCESSOR_DEFINITIONS = (
					"DEBUG=1",
					"$(inherited)",
				);
				GCC_SYMBOLS_PRIVATE_EXTERN = NO;
				GCC_WARN_64_TO_32_BIT_CONVERSION = YES;
				GCC_WARN_ABOUT_RETURN_TYPE = YES_ERROR;
				GCC_WARN_UNDECLARED_SELECTOR = YES;
				GCC_WARN_UNINITIALIZED_AUTOS = YES_AGGRESSIVE;
				GCC_WARN_UNUSED_FUNCTION = YES;
				GCC_WARN_UNUSED_VARIABLE = YES;
				IPHONEOS_DEPLOYMENT_TARGET = 7.1;
				ONLY_ACTIVE_ARCH = YES;
				SDKROOT = iphoneos;
				STRIP_INSTALLED_PRODUCT = NO;
			};
			name = Debug;
		};
		51E5BE491936A982003E45C3 /* Release */ = {
			isa = XCBuildConfiguration;
			buildSettings = {
				ALWAYS_SEARCH_USER_PATHS = NO;
				CLANG_CXX_LANGUAGE_STANDARD = "gnu++0x";
				CLANG_CXX_LIBRARY = "libc++";
				CLANG_ENABLE_MODULES = YES;
				CLANG_ENABLE_OBJC_ARC = YES;
				CLANG_WARN_BOOL_CONVERSION = YES;
				CLANG_WARN_CONSTANT_CONVERSION = YES;
				CLANG_WARN_DIRECT_OBJC_ISA_USAGE = YES_ERROR;
				CLANG_WARN_EMPTY_BODY = YES;
				CLANG_WARN_ENUM_CONVERSION = YES;
				CLANG_WARN_INT_CONVERSION = YES;
				CLANG_WARN_OBJC_ROOT_CLASS = YES_ERROR;
				CLANG_WARN__DUPLICATE_METHOD_MATCH = YES;
				"CODE_SIGN_IDENTITY[sdk=iphoneos*]" = "iPhone Developer";
				COPY_PHASE_STRIP = NO;
				DEPLOYMENT_POSTPROCESSING = YES;
				ENABLE_NS_ASSERTIONS = NO;
				GCC_C_LANGUAGE_STANDARD = gnu99;
				GCC_WARN_64_TO_32_BIT_CONVERSION = YES;
				GCC_WARN_ABOUT_RETURN_TYPE = YES_ERROR;
				GCC_WARN_UNDECLARED_SELECTOR = YES;
				GCC_WARN_UNINITIALIZED_AUTOS = YES_AGGRESSIVE;
				GCC_WARN_UNUSED_FUNCTION = YES;
				GCC_WARN_UNUSED_VARIABLE = YES;
				IPHONEOS_DEPLOYMENT_TARGET = 7.1;
				SDKROOT = iphoneos;
				STRIP_INSTALLED_PRODUCT = NO;
				VALIDATE_PRODUCT = YES;
			};
			name = Release;
		};
		51E5BE4B1936A982003E45C3 /* Debug */ = {
			isa = XCBuildConfiguration;
			buildSettings = {
				ASSETCATALOG_COMPILER_APPICON_NAME = AppIcon;
				ASSETCATALOG_COMPILER_LAUNCHIMAGE_NAME = LaunchImage;
				CODE_SIGN_IDENTITY = "iPhone Developer";
				"CODE_SIGN_IDENTITY[sdk=iphoneos*]" = "iPhone Developer";
				COPY_PHASE_STRIP = YES;
				DEPLOYMENT_LOCATION = YES;
				ENABLE_BITCODE = NO;
				FRAMEWORK_SEARCH_PATHS = (
					"$(inherited)",
					/Users/pryormic/Documents/FacebookSDK,
				);
				GCC_PRECOMPILE_PREFIX_HEADER = YES;
				GCC_PREFIX_HEADER = "MyFirstApplication/Spawn-Prefix.pch";
				GENERATE_PROFILING_CODE = YES;
				INFOPLIST_FILE = "MyFirstApplication/Spawn-Info.plist";
				KEEP_PRIVATE_EXTERNS = NO;
				ONLY_ACTIVE_ARCH = NO;
				PRODUCT_BUNDLE_IDENTIFIER = "mike.$(PRODUCT_NAME:rfc1034identifier)";
				PRODUCT_NAME = Spawn;
				PROVISIONING_PROFILE = "";
				STRIP_STYLE = debugging;
				WRAPPER_EXTENSION = app;
			};
			name = Debug;
		};
		51E5BE4C1936A982003E45C3 /* Release */ = {
			isa = XCBuildConfiguration;
			buildSettings = {
				ASSETCATALOG_COMPILER_APPICON_NAME = AppIcon;
				ASSETCATALOG_COMPILER_LAUNCHIMAGE_NAME = LaunchImage;
				CODE_SIGN_IDENTITY = "iPhone Developer";
				"CODE_SIGN_IDENTITY[sdk=iphoneos*]" = "iPhone Developer";
				COPY_PHASE_STRIP = YES;
				DEPLOYMENT_LOCATION = YES;
				ENABLE_BITCODE = NO;
				FRAMEWORK_SEARCH_PATHS = (
					"$(inherited)",
					/Users/pryormic/Documents/FacebookSDK,
				);
				GCC_PRECOMPILE_PREFIX_HEADER = YES;
				GCC_PREFIX_HEADER = "MyFirstApplication/Spawn-Prefix.pch";
				GCC_SYMBOLS_PRIVATE_EXTERN = NO;
				GENERATE_PROFILING_CODE = YES;
				INFOPLIST_FILE = "MyFirstApplication/Spawn-Info.plist";
				KEEP_PRIVATE_EXTERNS = NO;
				PRODUCT_BUNDLE_IDENTIFIER = "mike.$(PRODUCT_NAME:rfc1034identifier)";
				PRODUCT_NAME = Spawn;
				PROVISIONING_PROFILE = "";
				STRIP_STYLE = debugging;
				WRAPPER_EXTENSION = app;
			};
			name = Release;
		};
		51E5BE4E1936A982003E45C3 /* Debug */ = {
			isa = XCBuildConfiguration;
			buildSettings = {
				BUNDLE_LOADER = "$(BUILT_PRODUCTS_DIR)/MyFirstApplication.app/MyFirstApplication";
				FRAMEWORK_SEARCH_PATHS = (
					"$(SDKROOT)/Developer/Library/Frameworks",
					"$(inherited)",
					"$(DEVELOPER_FRAMEWORKS_DIR)",
				);
				GCC_PRECOMPILE_PREFIX_HEADER = YES;
				GCC_PREFIX_HEADER = "MyFirstApplication/MyFirstApplication-Prefix.pch";
				GCC_PREPROCESSOR_DEFINITIONS = (
					"DEBUG=1",
					"$(inherited)",
				);
				INFOPLIST_FILE = "MyFirstApplicationTests/SpawnTests-Info.plist";
				PRODUCT_BUNDLE_IDENTIFIER = "mike.${PRODUCT_NAME:rfc1034identifier}";
				PRODUCT_NAME = SpawnTests;
				TEST_HOST = "$(BUNDLE_LOADER)";
				WRAPPER_EXTENSION = xctest;
			};
			name = Debug;
		};
		51E5BE4F1936A982003E45C3 /* Release */ = {
			isa = XCBuildConfiguration;
			buildSettings = {
				BUNDLE_LOADER = "$(BUILT_PRODUCTS_DIR)/MyFirstApplication.app/MyFirstApplication";
				FRAMEWORK_SEARCH_PATHS = (
					"$(SDKROOT)/Developer/Library/Frameworks",
					"$(inherited)",
					"$(DEVELOPER_FRAMEWORKS_DIR)",
				);
				GCC_PRECOMPILE_PREFIX_HEADER = YES;
				GCC_PREFIX_HEADER = "MyFirstApplication/MyFirstApplication-Prefix.pch";
				INFOPLIST_FILE = "MyFirstApplicationTests/SpawnTests-Info.plist";
				PRODUCT_BUNDLE_IDENTIFIER = "mike.${PRODUCT_NAME:rfc1034identifier}";
				PRODUCT_NAME = SpawnTests;
				TEST_HOST = "$(BUNDLE_LOADER)";
				WRAPPER_EXTENSION = xctest;
			};
			name = Release;
		};
/* End XCBuildConfiguration section */

/* Begin XCConfigurationList section */
		51E5BE191936A982003E45C3 /* Build configuration list for PBXProject "Spawn" */ = {
			isa = XCConfigurationList;
			buildConfigurations = (
				51E5BE481936A982003E45C3 /* Debug */,
				51E5BE491936A982003E45C3 /* Release */,
			);
			defaultConfigurationIsVisible = 0;
			defaultConfigurationName = Release;
		};
		51E5BE4A1936A982003E45C3 /* Build configuration list for PBXNativeTarget "Spawn" */ = {
			isa = XCConfigurationList;
			buildConfigurations = (
				51E5BE4B1936A982003E45C3 /* Debug */,
				51E5BE4C1936A982003E45C3 /* Release */,
			);
			defaultConfigurationIsVisible = 0;
			defaultConfigurationName = Release;
		};
		51E5BE4D1936A982003E45C3 /* Build configuration list for PBXNativeTarget "SpawnTests" */ = {
			isa = XCConfigurationList;
			buildConfigurations = (
				51E5BE4E1936A982003E45C3 /* Debug */,
				51E5BE4F1936A982003E45C3 /* Release */,
			);
			defaultConfigurationIsVisible = 0;
			defaultConfigurationName = Release;
		};
/* End XCConfigurationList section */
	};
	rootObject = 51E5BE161936A982003E45C3 /* Project object */;
}
